// !$*UTF8*$!
{
	archiveVersion = 1;
	classes = {
	};
	objectVersion = 46;
	objects = {

/* Begin PBXBuildFile section */
		1837D392135C80130014E7CC /* JPDataProcessserXML.h in Headers */ = {isa = PBXBuildFile; fileRef = 1837D391135C80130014E7CC /* JPDataProcessserXML.h */; };
		1840606113EEEEBB004E6BC0 /* JPPipelineSucceededFuture.m in Sources */ = {isa = PBXBuildFile; fileRef = 1840606013EEEEBB004E6BC0 /* JPPipelineSucceededFuture.m */; };
		1840606313EEEEBB004E6BC0 /* JPPipelineSucceededFuture.h in Headers */ = {isa = PBXBuildFile; fileRef = 1840606213EEEEBB004E6BC0 /* JPPipelineSucceededFuture.h */; };
		1840607413EEEEBB004E6BC0 /* JPPipelineCompletedFuture.h in Headers */ = {isa = PBXBuildFile; fileRef = 1840607313EEEEBB004E6BC0 /* JPPipelineCompletedFuture.h */; };
		1840607613EEEEBB004E6BC0 /* JPPipelineCompletedFuture.m in Sources */ = {isa = PBXBuildFile; fileRef = 1840607513EEEEBB004E6BC0 /* JPPipelineCompletedFuture.m */; };
		1840608513EEEEBB004E6BC0 /* JPPipelineFailedFuture.m in Sources */ = {isa = PBXBuildFile; fileRef = 1840608413EEEEBB004E6BC0 /* JPPipelineFailedFuture.m */; };
		1840608713EEEEBB004E6BC0 /* JPPipelineFailedFuture.h in Headers */ = {isa = PBXBuildFile; fileRef = 1840608613EEEEBB004E6BC0 /* JPPipelineFailedFuture.h */; };
		185BE75813EB21F9003BA260 /* JPJSONRPCModel.h in Headers */ = {isa = PBXBuildFile; fileRef = 185BE75713EB21F9003BA260 /* JPJSONRPCModel.h */; };
		185BE75A13EB220D003BA260 /* JPJSONRPCModel.m in Sources */ = {isa = PBXBuildFile; fileRef = 185BE75913EB220D003BA260 /* JPJSONRPCModel.m */; };
		185F4D28135F38490069C261 /* JPXMLDecoderHandler.h in Headers */ = {isa = PBXBuildFile; fileRef = 185F4D27135F38490069C261 /* JPXMLDecoderHandler.h */; };
		185F4D2A135F38530069C261 /* JPXMLDecoderHandler.m in Sources */ = {isa = PBXBuildFile; fileRef = 185F4D29135F38530069C261 /* JPXMLDecoderHandler.m */; };
		187E201E140FCAE9003D1652 /* JUMPNetwork_Prefix.pch in Headers */ = {isa = PBXBuildFile; fileRef = AA747D9E0F9514B9006C5449 /* JUMPNetwork_Prefix.pch */; };
		187E201F140FCAE9003D1652 /* JPTransporterJSONRPCMessage.h in Headers */ = {isa = PBXBuildFile; fileRef = 3AEF17DC13183ED200BC3759 /* JPTransporterJSONRPCMessage.h */; };
		187E2020140FCAE9003D1652 /* JPJSONRPCMessage.h in Headers */ = {isa = PBXBuildFile; fileRef = 3AEF17DE13183ED200BC3759 /* JPJSONRPCMessage.h */; };
		187E2021140FCAE9003D1652 /* JPJSONRPCDecoderHandler.h in Headers */ = {isa = PBXBuildFile; fileRef = 3AEF17E113183ED200BC3759 /* JPJSONRPCDecoderHandler.h */; };
		187E2022140FCAE9003D1652 /* JPJSONRPCEncoderHandler.h in Headers */ = {isa = PBXBuildFile; fileRef = 3AEF17E313183ED200BC3759 /* JPJSONRPCEncoderHandler.h */; };
		187E2023140FCAE9003D1652 /* JPJSONRPCEventFactory.h in Headers */ = {isa = PBXBuildFile; fileRef = 3AEF17E613183ED200BC3759 /* JPJSONRPCEventFactory.h */; };
		187E2024140FCAE9003D1652 /* JPDefaultHTTPMessage.h in Headers */ = {isa = PBXBuildFile; fileRef = 3AEF17EC13183ED200BC3759 /* JPDefaultHTTPMessage.h */; };
		187E2025140FCAE9003D1652 /* JPTransporterMessage.h in Headers */ = {isa = PBXBuildFile; fileRef = 3AEF17EF13183ED200BC3759 /* JPTransporterMessage.h */; };
		187E2026140FCAE9003D1652 /* JPTransporterHTTPMessage.h in Headers */ = {isa = PBXBuildFile; fileRef = 3AEF17F013183ED200BC3759 /* JPTransporterHTTPMessage.h */; };
		187E2027140FCAE9003D1652 /* JPPipeline.h in Headers */ = {isa = PBXBuildFile; fileRef = 3AEF17FE13183ED200BC3759 /* JPPipeline.h */; };
		187E2028140FCAE9003D1652 /* JPDefaultHandlerContext.h in Headers */ = {isa = PBXBuildFile; fileRef = 3AEF180013183ED200BC3759 /* JPDefaultHandlerContext.h */; };
		187E2029140FCAE9003D1652 /* JPPipelineException.h in Headers */ = {isa = PBXBuildFile; fileRef = 3AEF180313183ED200BC3759 /* JPPipelineException.h */; };
		187E202A140FCAE9003D1652 /* JPPipelineSimpleMessageEvent.h in Headers */ = {isa = PBXBuildFile; fileRef = 3AEF180713183ED200BC3759 /* JPPipelineSimpleMessageEvent.h */; };
		187E202B140FCAE9003D1652 /* JPPipelineUpstreamMessageEvent.h in Headers */ = {isa = PBXBuildFile; fileRef = 3AEF180913183ED200BC3759 /* JPPipelineUpstreamMessageEvent.h */; };
		187E202C140FCAE9003D1652 /* JPPipelineDowstreamMessageEvent.h in Headers */ = {isa = PBXBuildFile; fileRef = 3AEF180B13183ED200BC3759 /* JPPipelineDowstreamMessageEvent.h */; };
		187E202D140FCAE9003D1652 /* JPDefaultPipelineExceptionEvent.h in Headers */ = {isa = PBXBuildFile; fileRef = 3AEF180D13183ED200BC3759 /* JPDefaultPipelineExceptionEvent.h */; };
		187E202E140FCAE9003D1652 /* JPDefaultCancelEvent.h in Headers */ = {isa = PBXBuildFile; fileRef = 3AEF180F13183ED200BC3759 /* JPDefaultCancelEvent.h */; };
		187E202F140FCAE9003D1652 /* JPPipelineDefaultFuture.h in Headers */ = {isa = PBXBuildFile; fileRef = 3AEF181713183ED200BC3759 /* JPPipelineDefaultFuture.h */; };
		187E2030140FCAE9003D1652 /* JPSimplePipelineHandler.h in Headers */ = {isa = PBXBuildFile; fileRef = 3AEF181A13183ED200BC3759 /* JPSimplePipelineHandler.h */; };
		187E2031140FCAE9003D1652 /* JPSimplePipelineUpstreamHandler.h in Headers */ = {isa = PBXBuildFile; fileRef = 3AEF181B13183ED200BC3759 /* JPSimplePipelineUpstreamHandler.h */; };
		187E2032140FCAE9003D1652 /* JPSimplePipelineDownstreamHandler.h in Headers */ = {isa = PBXBuildFile; fileRef = 3AEF181E13183ED200BC3759 /* JPSimplePipelineDownstreamHandler.h */; };
		187E2033140FCAE9003D1652 /* JPPipelineFactory.h in Headers */ = {isa = PBXBuildFile; fileRef = 3AEF182113183ED200BC3759 /* JPPipelineFactory.h */; };
		187E2034140FCAE9003D1652 /* JPPipelineEventFactory.h in Headers */ = {isa = PBXBuildFile; fileRef = 3AEF182213183ED200BC3759 /* JPPipelineEventFactory.h */; };
		187E2035140FCAE9003D1652 /* JPPipelineHandler.h in Headers */ = {isa = PBXBuildFile; fileRef = 3AEF182413183ED200BC3759 /* JPPipelineHandler.h */; };
		187E2036140FCAE9003D1652 /* JPPipelineUpstreamHandler.h in Headers */ = {isa = PBXBuildFile; fileRef = 3AEF182513183ED200BC3759 /* JPPipelineUpstreamHandler.h */; };
		187E2037140FCAE9003D1652 /* JPPipelineDownstreamHandler.h in Headers */ = {isa = PBXBuildFile; fileRef = 3AEF182613183ED200BC3759 /* JPPipelineDownstreamHandler.h */; };
		187E2038140FCAE9003D1652 /* JPPipelineEventListener.h in Headers */ = {isa = PBXBuildFile; fileRef = 3AEF182813183ED200BC3759 /* JPPipelineEventListener.h */; };
		187E2039140FCAE9003D1652 /* JPPipelineEvent.h in Headers */ = {isa = PBXBuildFile; fileRef = 3AEF182913183ED200BC3759 /* JPPipelineEvent.h */; };
		187E203A140FCAE9003D1652 /* JPPipelineMessageEvent.h in Headers */ = {isa = PBXBuildFile; fileRef = 3AEF182A13183ED200BC3759 /* JPPipelineMessageEvent.h */; };
		187E203B140FCAE9003D1652 /* JPPipelineExceptionEvent.h in Headers */ = {isa = PBXBuildFile; fileRef = 3AEF182B13183ED200BC3759 /* JPPipelineExceptionEvent.h */; };
		187E203C140FCAE9003D1652 /* JPPipelineFuture.h in Headers */ = {isa = PBXBuildFile; fileRef = 3AEF182C13183ED200BC3759 /* JPPipelineFuture.h */; };
		187E203D140FCAE9003D1652 /* JPPipelineFutureListener.h in Headers */ = {isa = PBXBuildFile; fileRef = 3AEF182D13183ED200BC3759 /* JPPipelineFutureListener.h */; };
		187E203E140FCAE9003D1652 /* JPPipelineSink.h in Headers */ = {isa = PBXBuildFile; fileRef = 3AEF182E13183ED200BC3759 /* JPPipelineSink.h */; };
		187E203F140FCAE9003D1652 /* JPPipelineListenerNotification.h in Headers */ = {isa = PBXBuildFile; fileRef = 3AEF183013183ED200BC3759 /* JPPipelineListenerNotification.h */; };
		187E2040140FCAE9003D1652 /* JPPipelineHandlerContext.h in Headers */ = {isa = PBXBuildFile; fileRef = 3AEF183113183ED200BC3759 /* JPPipelineHandlerContext.h */; };
		187E2041140FCAE9003D1652 /* JPPipelineNotification.h in Headers */ = {isa = PBXBuildFile; fileRef = 3AEF183313183ED200BC3759 /* JPPipelineNotification.h */; };
		187E2042140FCAE9003D1652 /* JPDataProcessserJSON.h in Headers */ = {isa = PBXBuildFile; fileRef = 3AEF190C1318414F00BC3759 /* JPDataProcessserJSON.h */; };
		187E2043140FCAE9003D1652 /* JPHTTPTransporter.h in Headers */ = {isa = PBXBuildFile; fileRef = 3A7846E013268C9C00C3374A /* JPHTTPTransporter.h */; };
		187E2044140FCAE9003D1652 /* JPDataProcessserXML.h in Headers */ = {isa = PBXBuildFile; fileRef = 1837D391135C80130014E7CC /* JPDataProcessserXML.h */; };
		187E2045140FCAE9003D1652 /* JPXMLDecoderHandler.h in Headers */ = {isa = PBXBuildFile; fileRef = 185F4D27135F38490069C261 /* JPXMLDecoderHandler.h */; };
		187E2046140FCAE9003D1652 /* JPJSONDecoderHandler.h in Headers */ = {isa = PBXBuildFile; fileRef = 18894076138183B900EFAE98 /* JPJSONDecoderHandler.h */; };
		187E2062140FCAE9003D1652 /* JPPipelineSucceededFuture.h in Headers */ = {isa = PBXBuildFile; fileRef = 1840606213EEEEBB004E6BC0 /* JPPipelineSucceededFuture.h */; };
		187E2063140FCAE9003D1652 /* JPPipelineCompletedFuture.h in Headers */ = {isa = PBXBuildFile; fileRef = 1840607313EEEEBB004E6BC0 /* JPPipelineCompletedFuture.h */; };
		187E2064140FCAE9003D1652 /* JPPipelineFailedFuture.h in Headers */ = {isa = PBXBuildFile; fileRef = 1840608613EEEEBB004E6BC0 /* JPPipelineFailedFuture.h */; };
		187E2065140FCAE9003D1652 /* JPJSONRPCModel.h in Headers */ = {isa = PBXBuildFile; fileRef = 185BE75713EB21F9003BA260 /* JPJSONRPCModel.h */; };
		187E2067140FCAE9003D1652 /* JPJSONRPCMessage.m in Sources */ = {isa = PBXBuildFile; fileRef = 3AEF17DF13183ED200BC3759 /* JPJSONRPCMessage.m */; };
		187E2068140FCAE9003D1652 /* JPJSONRPCDecoderHandler.m in Sources */ = {isa = PBXBuildFile; fileRef = 3AEF17E213183ED200BC3759 /* JPJSONRPCDecoderHandler.m */; };
		187E2069140FCAE9003D1652 /* JPJSONRPCEncoderHandler.m in Sources */ = {isa = PBXBuildFile; fileRef = 3AEF17E413183ED200BC3759 /* JPJSONRPCEncoderHandler.m */; };
		187E206A140FCAE9003D1652 /* JPJSONRPCEventFactory.m in Sources */ = {isa = PBXBuildFile; fileRef = 3AEF17E713183ED200BC3759 /* JPJSONRPCEventFactory.m */; };
		187E206B140FCAE9003D1652 /* JPDefaultHTTPMessage.m in Sources */ = {isa = PBXBuildFile; fileRef = 3AEF17ED13183ED200BC3759 /* JPDefaultHTTPMessage.m */; };
		187E206C140FCAE9003D1652 /* JPPipeline.m in Sources */ = {isa = PBXBuildFile; fileRef = 3AEF17FF13183ED200BC3759 /* JPPipeline.m */; };
		187E206D140FCAE9003D1652 /* JPDefaultHandlerContext.m in Sources */ = {isa = PBXBuildFile; fileRef = 3AEF180113183ED200BC3759 /* JPDefaultHandlerContext.m */; };
		187E206E140FCAE9003D1652 /* JPPipelineException.m in Sources */ = {isa = PBXBuildFile; fileRef = 3AEF180413183ED200BC3759 /* JPPipelineException.m */; };
		187E206F140FCAE9003D1652 /* JPPipelineSimpleMessageEvent.m in Sources */ = {isa = PBXBuildFile; fileRef = 3AEF180613183ED200BC3759 /* JPPipelineSimpleMessageEvent.m */; };
		187E2070140FCAE9003D1652 /* JPPipelineUpstreamMessageEvent.m in Sources */ = {isa = PBXBuildFile; fileRef = 3AEF180813183ED200BC3759 /* JPPipelineUpstreamMessageEvent.m */; };
		187E2071140FCAE9003D1652 /* JPPipelineDowstreamMessageEvent.m in Sources */ = {isa = PBXBuildFile; fileRef = 3AEF180A13183ED200BC3759 /* JPPipelineDowstreamMessageEvent.m */; };
		187E2072140FCAE9003D1652 /* JPDefaultPipelineExceptionEvent.m in Sources */ = {isa = PBXBuildFile; fileRef = 3AEF180C13183ED200BC3759 /* JPDefaultPipelineExceptionEvent.m */; };
		187E2073140FCAE9003D1652 /* JPDefaultCancelEvent.m in Sources */ = {isa = PBXBuildFile; fileRef = 3AEF180E13183ED200BC3759 /* JPDefaultCancelEvent.m */; };
		187E2074140FCAE9003D1652 /* JPPipelineDefaultFuture.m in Sources */ = {isa = PBXBuildFile; fileRef = 3AEF181613183ED200BC3759 /* JPPipelineDefaultFuture.m */; };
		187E2075140FCAE9003D1652 /* JPSimplePipelineHandler.m in Sources */ = {isa = PBXBuildFile; fileRef = 3AEF181913183ED200BC3759 /* JPSimplePipelineHandler.m */; };
		187E2076140FCAE9003D1652 /* JPSimplePipelineUpstreamHandler.m in Sources */ = {isa = PBXBuildFile; fileRef = 3AEF181C13183ED200BC3759 /* JPSimplePipelineUpstreamHandler.m */; };
		187E2077140FCAE9003D1652 /* JPSimplePipelineDownstreamHandler.m in Sources */ = {isa = PBXBuildFile; fileRef = 3AEF181D13183ED200BC3759 /* JPSimplePipelineDownstreamHandler.m */; };
		187E2078140FCAE9003D1652 /* JPPipelineNotification.m in Sources */ = {isa = PBXBuildFile; fileRef = 3AEF183413183ED200BC3759 /* JPPipelineNotification.m */; };
		187E2079140FCAE9003D1652 /* JPHTTPTransporter.m in Sources */ = {isa = PBXBuildFile; fileRef = 3A7846E113268C9C00C3374A /* JPHTTPTransporter.m */; };
		187E207A140FCAE9003D1652 /* JPXMLDecoderHandler.m in Sources */ = {isa = PBXBuildFile; fileRef = 185F4D29135F38530069C261 /* JPXMLDecoderHandler.m */; };
		187E207B140FCAE9003D1652 /* JPJSONDecoderHandler.m in Sources */ = {isa = PBXBuildFile; fileRef = 18894078138183C700EFAE98 /* JPJSONDecoderHandler.m */; };
		187E2092140FCAE9003D1652 /* JPPipelineSucceededFuture.m in Sources */ = {isa = PBXBuildFile; fileRef = 1840606013EEEEBB004E6BC0 /* JPPipelineSucceededFuture.m */; };
		187E2093140FCAE9003D1652 /* JPPipelineCompletedFuture.m in Sources */ = {isa = PBXBuildFile; fileRef = 1840607513EEEEBB004E6BC0 /* JPPipelineCompletedFuture.m */; };
		187E2094140FCAE9003D1652 /* JPPipelineFailedFuture.m in Sources */ = {isa = PBXBuildFile; fileRef = 1840608413EEEEBB004E6BC0 /* JPPipelineFailedFuture.m */; };
		187E2095140FCAE9003D1652 /* JPJSONRPCModel.m in Sources */ = {isa = PBXBuildFile; fileRef = 185BE75913EB220D003BA260 /* JPJSONRPCModel.m */; };
		187E2097140FCAE9003D1652 /* Foundation.framework in Frameworks */ = {isa = PBXBuildFile; fileRef = AACBBE490F95108600F1A2B1 /* Foundation.framework */; };
		187E2098140FCAE9003D1652 /* CFNetwork.framework in Frameworks */ = {isa = PBXBuildFile; fileRef = 3A7848271326AF7F00C3374A /* CFNetwork.framework */; };
		187E2099140FCAE9003D1652 /* SystemConfiguration.framework in Frameworks */ = {isa = PBXBuildFile; fileRef = 3A7848291326AF8700C3374A /* SystemConfiguration.framework */; };
		187E209A140FCAE9003D1652 /* MobileCoreServices.framework in Frameworks */ = {isa = PBXBuildFile; fileRef = 3A78482B1326AF8E00C3374A /* MobileCoreServices.framework */; };
		187E209B140FCAE9003D1652 /* CoreGraphics.framework in Frameworks */ = {isa = PBXBuildFile; fileRef = 3A78482D1326AF9900C3374A /* CoreGraphics.framework */; };
		187E20B6140FCB17003D1652 /* UIKit.framework in Frameworks */ = {isa = PBXBuildFile; fileRef = 187E20B5140FCB17003D1652 /* UIKit.framework */; };
		18894077138183B900EFAE98 /* JPJSONDecoderHandler.h in Headers */ = {isa = PBXBuildFile; fileRef = 18894076138183B900EFAE98 /* JPJSONDecoderHandler.h */; };
		18894079138183C700EFAE98 /* JPJSONDecoderHandler.m in Sources */ = {isa = PBXBuildFile; fileRef = 18894078138183C700EFAE98 /* JPJSONDecoderHandler.m */; };
		18B7C88716026ADB00E4E68A /* libz.1.2.5.dylib in Frameworks */ = {isa = PBXBuildFile; fileRef = 18B7C88616026ADB00E4E68A /* libz.1.2.5.dylib */; };
		18B7C88916026AF900E4E68A /* libz.1.2.5.dylib in Frameworks */ = {isa = PBXBuildFile; fileRef = 18B7C88816026AF900E4E68A /* libz.1.2.5.dylib */; };
		3A7846E213268C9C00C3374A /* JPHTTPTransporter.h in Headers */ = {isa = PBXBuildFile; fileRef = 3A7846E013268C9C00C3374A /* JPHTTPTransporter.h */; };
		3A7846E313268C9C00C3374A /* JPHTTPTransporter.m in Sources */ = {isa = PBXBuildFile; fileRef = 3A7846E113268C9C00C3374A /* JPHTTPTransporter.m */; };
		3A7848281326AF7F00C3374A /* CFNetwork.framework in Frameworks */ = {isa = PBXBuildFile; fileRef = 3A7848271326AF7F00C3374A /* CFNetwork.framework */; };
		3A78482A1326AF8700C3374A /* SystemConfiguration.framework in Frameworks */ = {isa = PBXBuildFile; fileRef = 3A7848291326AF8700C3374A /* SystemConfiguration.framework */; };
		3A78482C1326AF8E00C3374A /* MobileCoreServices.framework in Frameworks */ = {isa = PBXBuildFile; fileRef = 3A78482B1326AF8E00C3374A /* MobileCoreServices.framework */; };
		3A78482E1326AF9900C3374A /* CoreGraphics.framework in Frameworks */ = {isa = PBXBuildFile; fileRef = 3A78482D1326AF9900C3374A /* CoreGraphics.framework */; };
		3AEF183513183ED200BC3759 /* JPTransporterJSONRPCMessage.h in Headers */ = {isa = PBXBuildFile; fileRef = 3AEF17DC13183ED200BC3759 /* JPTransporterJSONRPCMessage.h */; };
		3AEF183613183ED200BC3759 /* JPJSONRPCMessage.h in Headers */ = {isa = PBXBuildFile; fileRef = 3AEF17DE13183ED200BC3759 /* JPJSONRPCMessage.h */; };
		3AEF183713183ED200BC3759 /* JPJSONRPCMessage.m in Sources */ = {isa = PBXBuildFile; fileRef = 3AEF17DF13183ED200BC3759 /* JPJSONRPCMessage.m */; };
		3AEF183813183ED200BC3759 /* JPJSONRPCDecoderHandler.h in Headers */ = {isa = PBXBuildFile; fileRef = 3AEF17E113183ED200BC3759 /* JPJSONRPCDecoderHandler.h */; };
		3AEF183913183ED200BC3759 /* JPJSONRPCDecoderHandler.m in Sources */ = {isa = PBXBuildFile; fileRef = 3AEF17E213183ED200BC3759 /* JPJSONRPCDecoderHandler.m */; };
		3AEF183A13183ED200BC3759 /* JPJSONRPCEncoderHandler.h in Headers */ = {isa = PBXBuildFile; fileRef = 3AEF17E313183ED200BC3759 /* JPJSONRPCEncoderHandler.h */; };
		3AEF183B13183ED200BC3759 /* JPJSONRPCEncoderHandler.m in Sources */ = {isa = PBXBuildFile; fileRef = 3AEF17E413183ED200BC3759 /* JPJSONRPCEncoderHandler.m */; };
		3AEF183C13183ED200BC3759 /* JPJSONRPCEventFactory.h in Headers */ = {isa = PBXBuildFile; fileRef = 3AEF17E613183ED200BC3759 /* JPJSONRPCEventFactory.h */; };
		3AEF183D13183ED200BC3759 /* JPJSONRPCEventFactory.m in Sources */ = {isa = PBXBuildFile; fileRef = 3AEF17E713183ED200BC3759 /* JPJSONRPCEventFactory.m */; };
		3AEF184013183ED200BC3759 /* JPDefaultHTTPMessage.h in Headers */ = {isa = PBXBuildFile; fileRef = 3AEF17EC13183ED200BC3759 /* JPDefaultHTTPMessage.h */; };
		3AEF184113183ED200BC3759 /* JPDefaultHTTPMessage.m in Sources */ = {isa = PBXBuildFile; fileRef = 3AEF17ED13183ED200BC3759 /* JPDefaultHTTPMessage.m */; };
		3AEF184213183ED200BC3759 /* JPTransporterMessage.h in Headers */ = {isa = PBXBuildFile; fileRef = 3AEF17EF13183ED200BC3759 /* JPTransporterMessage.h */; };
		3AEF184313183ED200BC3759 /* JPTransporterHTTPMessage.h in Headers */ = {isa = PBXBuildFile; fileRef = 3AEF17F013183ED200BC3759 /* JPTransporterHTTPMessage.h */; };
		3AEF184C13183ED200BC3759 /* JPPipeline.h in Headers */ = {isa = PBXBuildFile; fileRef = 3AEF17FE13183ED200BC3759 /* JPPipeline.h */; };
		3AEF184D13183ED200BC3759 /* JPPipeline.m in Sources */ = {isa = PBXBuildFile; fileRef = 3AEF17FF13183ED200BC3759 /* JPPipeline.m */; };
		3AEF184E13183ED200BC3759 /* JPDefaultHandlerContext.h in Headers */ = {isa = PBXBuildFile; fileRef = 3AEF180013183ED200BC3759 /* JPDefaultHandlerContext.h */; };
		3AEF184F13183ED200BC3759 /* JPDefaultHandlerContext.m in Sources */ = {isa = PBXBuildFile; fileRef = 3AEF180113183ED200BC3759 /* JPDefaultHandlerContext.m */; };
		3AEF185013183ED200BC3759 /* JPPipelineException.h in Headers */ = {isa = PBXBuildFile; fileRef = 3AEF180313183ED200BC3759 /* JPPipelineException.h */; };
		3AEF185113183ED200BC3759 /* JPPipelineException.m in Sources */ = {isa = PBXBuildFile; fileRef = 3AEF180413183ED200BC3759 /* JPPipelineException.m */; };
		3AEF185213183ED200BC3759 /* JPPipelineSimpleMessageEvent.m in Sources */ = {isa = PBXBuildFile; fileRef = 3AEF180613183ED200BC3759 /* JPPipelineSimpleMessageEvent.m */; };
		3AEF185313183ED200BC3759 /* JPPipelineSimpleMessageEvent.h in Headers */ = {isa = PBXBuildFile; fileRef = 3AEF180713183ED200BC3759 /* JPPipelineSimpleMessageEvent.h */; };
		3AEF185413183ED200BC3759 /* JPPipelineUpstreamMessageEvent.m in Sources */ = {isa = PBXBuildFile; fileRef = 3AEF180813183ED200BC3759 /* JPPipelineUpstreamMessageEvent.m */; };
		3AEF185513183ED200BC3759 /* JPPipelineUpstreamMessageEvent.h in Headers */ = {isa = PBXBuildFile; fileRef = 3AEF180913183ED200BC3759 /* JPPipelineUpstreamMessageEvent.h */; };
		3AEF185613183ED200BC3759 /* JPPipelineDowstreamMessageEvent.m in Sources */ = {isa = PBXBuildFile; fileRef = 3AEF180A13183ED200BC3759 /* JPPipelineDowstreamMessageEvent.m */; };
		3AEF185713183ED200BC3759 /* JPPipelineDowstreamMessageEvent.h in Headers */ = {isa = PBXBuildFile; fileRef = 3AEF180B13183ED200BC3759 /* JPPipelineDowstreamMessageEvent.h */; };
		3AEF185813183ED200BC3759 /* JPDefaultPipelineExceptionEvent.m in Sources */ = {isa = PBXBuildFile; fileRef = 3AEF180C13183ED200BC3759 /* JPDefaultPipelineExceptionEvent.m */; };
		3AEF185913183ED200BC3759 /* JPDefaultPipelineExceptionEvent.h in Headers */ = {isa = PBXBuildFile; fileRef = 3AEF180D13183ED200BC3759 /* JPDefaultPipelineExceptionEvent.h */; };
		3AEF185A13183ED200BC3759 /* JPDefaultCancelEvent.m in Sources */ = {isa = PBXBuildFile; fileRef = 3AEF180E13183ED200BC3759 /* JPDefaultCancelEvent.m */; };
		3AEF185B13183ED200BC3759 /* JPDefaultCancelEvent.h in Headers */ = {isa = PBXBuildFile; fileRef = 3AEF180F13183ED200BC3759 /* JPDefaultCancelEvent.h */; };
		3AEF186213183ED200BC3759 /* JPPipelineDefaultFuture.m in Sources */ = {isa = PBXBuildFile; fileRef = 3AEF181613183ED200BC3759 /* JPPipelineDefaultFuture.m */; };
		3AEF186313183ED200BC3759 /* JPPipelineDefaultFuture.h in Headers */ = {isa = PBXBuildFile; fileRef = 3AEF181713183ED200BC3759 /* JPPipelineDefaultFuture.h */; };
		3AEF186413183ED200BC3759 /* JPSimplePipelineHandler.m in Sources */ = {isa = PBXBuildFile; fileRef = 3AEF181913183ED200BC3759 /* JPSimplePipelineHandler.m */; };
		3AEF186513183ED200BC3759 /* JPSimplePipelineHandler.h in Headers */ = {isa = PBXBuildFile; fileRef = 3AEF181A13183ED200BC3759 /* JPSimplePipelineHandler.h */; };
		3AEF186613183ED200BC3759 /* JPSimplePipelineUpstreamHandler.h in Headers */ = {isa = PBXBuildFile; fileRef = 3AEF181B13183ED200BC3759 /* JPSimplePipelineUpstreamHandler.h */; };
		3AEF186713183ED200BC3759 /* JPSimplePipelineUpstreamHandler.m in Sources */ = {isa = PBXBuildFile; fileRef = 3AEF181C13183ED200BC3759 /* JPSimplePipelineUpstreamHandler.m */; };
		3AEF186813183ED200BC3759 /* JPSimplePipelineDownstreamHandler.m in Sources */ = {isa = PBXBuildFile; fileRef = 3AEF181D13183ED200BC3759 /* JPSimplePipelineDownstreamHandler.m */; };
		3AEF186913183ED200BC3759 /* JPSimplePipelineDownstreamHandler.h in Headers */ = {isa = PBXBuildFile; fileRef = 3AEF181E13183ED200BC3759 /* JPSimplePipelineDownstreamHandler.h */; };
		3AEF186A13183ED200BC3759 /* JPPipelineFactory.h in Headers */ = {isa = PBXBuildFile; fileRef = 3AEF182113183ED200BC3759 /* JPPipelineFactory.h */; };
		3AEF186B13183ED200BC3759 /* JPPipelineEventFactory.h in Headers */ = {isa = PBXBuildFile; fileRef = 3AEF182213183ED200BC3759 /* JPPipelineEventFactory.h */; };
		3AEF186C13183ED200BC3759 /* JPPipelineHandler.h in Headers */ = {isa = PBXBuildFile; fileRef = 3AEF182413183ED200BC3759 /* JPPipelineHandler.h */; };
		3AEF186D13183ED200BC3759 /* JPPipelineUpstreamHandler.h in Headers */ = {isa = PBXBuildFile; fileRef = 3AEF182513183ED200BC3759 /* JPPipelineUpstreamHandler.h */; };
		3AEF186E13183ED200BC3759 /* JPPipelineDownstreamHandler.h in Headers */ = {isa = PBXBuildFile; fileRef = 3AEF182613183ED200BC3759 /* JPPipelineDownstreamHandler.h */; };
		3AEF186F13183ED200BC3759 /* JPPipelineEventListener.h in Headers */ = {isa = PBXBuildFile; fileRef = 3AEF182813183ED200BC3759 /* JPPipelineEventListener.h */; };
		3AEF187013183ED200BC3759 /* JPPipelineEvent.h in Headers */ = {isa = PBXBuildFile; fileRef = 3AEF182913183ED200BC3759 /* JPPipelineEvent.h */; };
		3AEF187113183ED200BC3759 /* JPPipelineMessageEvent.h in Headers */ = {isa = PBXBuildFile; fileRef = 3AEF182A13183ED200BC3759 /* JPPipelineMessageEvent.h */; };
		3AEF187213183ED200BC3759 /* JPPipelineExceptionEvent.h in Headers */ = {isa = PBXBuildFile; fileRef = 3AEF182B13183ED200BC3759 /* JPPipelineExceptionEvent.h */; };
		3AEF187313183ED200BC3759 /* JPPipelineFuture.h in Headers */ = {isa = PBXBuildFile; fileRef = 3AEF182C13183ED200BC3759 /* JPPipelineFuture.h */; };
		3AEF187413183ED200BC3759 /* JPPipelineFutureListener.h in Headers */ = {isa = PBXBuildFile; fileRef = 3AEF182D13183ED200BC3759 /* JPPipelineFutureListener.h */; };
		3AEF187513183ED200BC3759 /* JPPipelineSink.h in Headers */ = {isa = PBXBuildFile; fileRef = 3AEF182E13183ED200BC3759 /* JPPipelineSink.h */; };
		3AEF187713183ED200BC3759 /* JPPipelineListenerNotification.h in Headers */ = {isa = PBXBuildFile; fileRef = 3AEF183013183ED200BC3759 /* JPPipelineListenerNotification.h */; };
		3AEF187813183ED200BC3759 /* JPPipelineHandlerContext.h in Headers */ = {isa = PBXBuildFile; fileRef = 3AEF183113183ED200BC3759 /* JPPipelineHandlerContext.h */; };
		3AEF187913183ED200BC3759 /* JPPipelineNotification.h in Headers */ = {isa = PBXBuildFile; fileRef = 3AEF183313183ED200BC3759 /* JPPipelineNotification.h */; };
		3AEF187A13183ED200BC3759 /* JPPipelineNotification.m in Sources */ = {isa = PBXBuildFile; fileRef = 3AEF183413183ED200BC3759 /* JPPipelineNotification.m */; };
		3AEF190D1318414F00BC3759 /* JPDataProcessserJSON.h in Headers */ = {isa = PBXBuildFile; fileRef = 3AEF190C1318414F00BC3759 /* JPDataProcessserJSON.h */; };
		6111F9CA19144667935A2296 /* libPods.a in Frameworks */ = {isa = PBXBuildFile; fileRef = 03A869AD12D240D59FEED48A /* libPods.a */; };
		AA747D9F0F9514B9006C5449 /* JUMPNetwork_Prefix.pch in Headers */ = {isa = PBXBuildFile; fileRef = AA747D9E0F9514B9006C5449 /* JUMPNetwork_Prefix.pch */; };
		AACBBE4A0F95108600F1A2B1 /* Foundation.framework in Frameworks */ = {isa = PBXBuildFile; fileRef = AACBBE490F95108600F1A2B1 /* Foundation.framework */; };
/* End PBXBuildFile section */

/* Begin PBXFileReference section */
		03A869AD12D240D59FEED48A /* libPods.a */ = {isa = PBXFileReference; explicitFileType = archive.ar; includeInIndex = 0; path = libPods.a; sourceTree = BUILT_PRODUCTS_DIR; };
		1837D391135C80130014E7CC /* JPDataProcessserXML.h */ = {isa = PBXFileReference; fileEncoding = 4; lastKnownFileType = sourcecode.c.h; name = JPDataProcessserXML.h; path = Headers/JPDataProcessserXML.h; sourceTree = "<group>"; };
		1840606013EEEEBB004E6BC0 /* JPPipelineSucceededFuture.m */ = {isa = PBXFileReference; fileEncoding = 4; lastKnownFileType = sourcecode.c.objc; path = JPPipelineSucceededFuture.m; sourceTree = "<group>"; };
		1840606213EEEEBB004E6BC0 /* JPPipelineSucceededFuture.h */ = {isa = PBXFileReference; fileEncoding = 4; lastKnownFileType = sourcecode.c.h; name = JPPipelineSucceededFuture.h; path = Headers/JPPipelineSucceededFuture.h; sourceTree = SOURCE_ROOT; };
		1840607313EEEEBB004E6BC0 /* JPPipelineCompletedFuture.h */ = {isa = PBXFileReference; fileEncoding = 4; lastKnownFileType = sourcecode.c.h; name = JPPipelineCompletedFuture.h; path = Headers/JPPipelineCompletedFuture.h; sourceTree = SOURCE_ROOT; };
		1840607513EEEEBB004E6BC0 /* JPPipelineCompletedFuture.m */ = {isa = PBXFileReference; fileEncoding = 4; lastKnownFileType = sourcecode.c.objc; path = JPPipelineCompletedFuture.m; sourceTree = "<group>"; };
		1840608413EEEEBB004E6BC0 /* JPPipelineFailedFuture.m */ = {isa = PBXFileReference; fileEncoding = 4; lastKnownFileType = sourcecode.c.objc; path = JPPipelineFailedFuture.m; sourceTree = "<group>"; };
		1840608613EEEEBB004E6BC0 /* JPPipelineFailedFuture.h */ = {isa = PBXFileReference; fileEncoding = 4; lastKnownFileType = sourcecode.c.h; name = JPPipelineFailedFuture.h; path = Headers/JPPipelineFailedFuture.h; sourceTree = SOURCE_ROOT; };
		185BE75713EB21F9003BA260 /* JPJSONRPCModel.h */ = {isa = PBXFileReference; fileEncoding = 4; lastKnownFileType = sourcecode.c.h; name = JPJSONRPCModel.h; path = Headers/JPJSONRPCModel.h; sourceTree = SOURCE_ROOT; };
		185BE75913EB220D003BA260 /* JPJSONRPCModel.m */ = {isa = PBXFileReference; fileEncoding = 4; lastKnownFileType = sourcecode.c.objc; path = JPJSONRPCModel.m; sourceTree = "<group>"; };
		185F4D27135F38490069C261 /* JPXMLDecoderHandler.h */ = {isa = PBXFileReference; fileEncoding = 4; lastKnownFileType = sourcecode.c.h; name = JPXMLDecoderHandler.h; path = Headers/JPXMLDecoderHandler.h; sourceTree = SOURCE_ROOT; };
		185F4D29135F38530069C261 /* JPXMLDecoderHandler.m */ = {isa = PBXFileReference; fileEncoding = 4; lastKnownFileType = sourcecode.c.objc; path = JPXMLDecoderHandler.m; sourceTree = "<group>"; };
		187E20A0140FCAE9003D1652 /* libJUMPNetwork.a */ = {isa = PBXFileReference; explicitFileType = archive.ar; includeInIndex = 0; path = libJUMPNetwork.a; sourceTree = BUILT_PRODUCTS_DIR; };
		187E20B5140FCB17003D1652 /* UIKit.framework */ = {isa = PBXFileReference; lastKnownFileType = wrapper.framework; name = UIKit.framework; path = ../Chameleon/UIKit.framework; sourceTree = SOURCE_ROOT; };
		18894076138183B900EFAE98 /* JPJSONDecoderHandler.h */ = {isa = PBXFileReference; fileEncoding = 4; lastKnownFileType = sourcecode.c.h; name = JPJSONDecoderHandler.h; path = Headers/JPJSONDecoderHandler.h; sourceTree = SOURCE_ROOT; };
		18894078138183C700EFAE98 /* JPJSONDecoderHandler.m */ = {isa = PBXFileReference; fileEncoding = 4; lastKnownFileType = sourcecode.c.objc; path = JPJSONDecoderHandler.m; sourceTree = "<group>"; };
		18B7C88616026ADB00E4E68A /* libz.1.2.5.dylib */ = {isa = PBXFileReference; lastKnownFileType = "compiled.mach-o.dylib"; name = libz.1.2.5.dylib; path = usr/lib/libz.1.2.5.dylib; sourceTree = SDKROOT; };
		18B7C88816026AF900E4E68A /* libz.1.2.5.dylib */ = {isa = PBXFileReference; lastKnownFileType = "compiled.mach-o.dylib"; name = libz.1.2.5.dylib; path = Platforms/MacOSX.platform/Developer/SDKs/MacOSX10.8.sdk/usr/lib/libz.1.2.5.dylib; sourceTree = DEVELOPER_DIR; };
		3A7846E013268C9C00C3374A /* JPHTTPTransporter.h */ = {isa = PBXFileReference; fileEncoding = 4; lastKnownFileType = sourcecode.c.h; name = JPHTTPTransporter.h; path = ../Headers/JPHTTPTransporter.h; sourceTree = "<group>"; };
		3A7846E113268C9C00C3374A /* JPHTTPTransporter.m */ = {isa = PBXFileReference; fileEncoding = 4; lastKnownFileType = sourcecode.c.objc; path = JPHTTPTransporter.m; sourceTree = "<group>"; };
		3A7848271326AF7F00C3374A /* CFNetwork.framework */ = {isa = PBXFileReference; lastKnownFileType = wrapper.framework; name = CFNetwork.framework; path = System/Library/Frameworks/CFNetwork.framework; sourceTree = SDKROOT; };
		3A7848291326AF8700C3374A /* SystemConfiguration.framework */ = {isa = PBXFileReference; lastKnownFileType = wrapper.framework; name = SystemConfiguration.framework; path = System/Library/Frameworks/SystemConfiguration.framework; sourceTree = SDKROOT; };
		3A78482B1326AF8E00C3374A /* MobileCoreServices.framework */ = {isa = PBXFileReference; lastKnownFileType = wrapper.framework; name = MobileCoreServices.framework; path = System/Library/Frameworks/MobileCoreServices.framework; sourceTree = SDKROOT; };
		3A78482D1326AF9900C3374A /* CoreGraphics.framework */ = {isa = PBXFileReference; lastKnownFileType = wrapper.framework; name = CoreGraphics.framework; path = System/Library/Frameworks/CoreGraphics.framework; sourceTree = SDKROOT; };
		3A7848311326AFCE00C3374A /* libz.1.2.3.dylib */ = {isa = PBXFileReference; lastKnownFileType = "compiled.mach-o.dylib"; name = libz.1.2.3.dylib; path = usr/lib/libz.1.2.3.dylib; sourceTree = SDKROOT; };
		3AEF17DC13183ED200BC3759 /* JPTransporterJSONRPCMessage.h */ = {isa = PBXFileReference; fileEncoding = 4; lastKnownFileType = sourcecode.c.h; name = JPTransporterJSONRPCMessage.h; path = ../Headers/JPTransporterJSONRPCMessage.h; sourceTree = "<group>"; };
		3AEF17DE13183ED200BC3759 /* JPJSONRPCMessage.h */ = {isa = PBXFileReference; fileEncoding = 4; lastKnownFileType = sourcecode.c.h; name = JPJSONRPCMessage.h; path = ../Headers/JPJSONRPCMessage.h; sourceTree = "<group>"; };
		3AEF17DF13183ED200BC3759 /* JPJSONRPCMessage.m */ = {isa = PBXFileReference; fileEncoding = 4; lastKnownFileType = sourcecode.c.objc; path = JPJSONRPCMessage.m; sourceTree = "<group>"; };
		3AEF17E113183ED200BC3759 /* JPJSONRPCDecoderHandler.h */ = {isa = PBXFileReference; fileEncoding = 4; lastKnownFileType = sourcecode.c.h; name = JPJSONRPCDecoderHandler.h; path = ../Headers/JPJSONRPCDecoderHandler.h; sourceTree = "<group>"; };
		3AEF17E213183ED200BC3759 /* JPJSONRPCDecoderHandler.m */ = {isa = PBXFileReference; fileEncoding = 4; lastKnownFileType = sourcecode.c.objc; path = JPJSONRPCDecoderHandler.m; sourceTree = "<group>"; };
		3AEF17E313183ED200BC3759 /* JPJSONRPCEncoderHandler.h */ = {isa = PBXFileReference; fileEncoding = 4; lastKnownFileType = sourcecode.c.h; name = JPJSONRPCEncoderHandler.h; path = ../Headers/JPJSONRPCEncoderHandler.h; sourceTree = "<group>"; };
		3AEF17E413183ED200BC3759 /* JPJSONRPCEncoderHandler.m */ = {isa = PBXFileReference; fileEncoding = 4; lastKnownFileType = sourcecode.c.objc; path = JPJSONRPCEncoderHandler.m; sourceTree = "<group>"; };
		3AEF17E613183ED200BC3759 /* JPJSONRPCEventFactory.h */ = {isa = PBXFileReference; fileEncoding = 4; lastKnownFileType = sourcecode.c.h; name = JPJSONRPCEventFactory.h; path = ../Headers/JPJSONRPCEventFactory.h; sourceTree = "<group>"; };
		3AEF17E713183ED200BC3759 /* JPJSONRPCEventFactory.m */ = {isa = PBXFileReference; fileEncoding = 4; lastKnownFileType = sourcecode.c.objc; path = JPJSONRPCEventFactory.m; sourceTree = "<group>"; };
		3AEF17EC13183ED200BC3759 /* JPDefaultHTTPMessage.h */ = {isa = PBXFileReference; fileEncoding = 4; lastKnownFileType = sourcecode.c.h; name = JPDefaultHTTPMessage.h; path = ../Headers/JPDefaultHTTPMessage.h; sourceTree = "<group>"; };
		3AEF17ED13183ED200BC3759 /* JPDefaultHTTPMessage.m */ = {isa = PBXFileReference; fileEncoding = 4; lastKnownFileType = sourcecode.c.objc; path = JPDefaultHTTPMessage.m; sourceTree = "<group>"; };
		3AEF17EF13183ED200BC3759 /* JPTransporterMessage.h */ = {isa = PBXFileReference; fileEncoding = 4; lastKnownFileType = sourcecode.c.h; name = JPTransporterMessage.h; path = Headers/JPTransporterMessage.h; sourceTree = "<group>"; };
		3AEF17F013183ED200BC3759 /* JPTransporterHTTPMessage.h */ = {isa = PBXFileReference; fileEncoding = 4; lastKnownFileType = sourcecode.c.h; name = JPTransporterHTTPMessage.h; path = ../Headers/JPTransporterHTTPMessage.h; sourceTree = "<group>"; };
		3AEF17FE13183ED200BC3759 /* JPPipeline.h */ = {isa = PBXFileReference; fileEncoding = 4; lastKnownFileType = sourcecode.c.h; name = JPPipeline.h; path = ../Headers/JPPipeline.h; sourceTree = "<group>"; };
		3AEF17FF13183ED200BC3759 /* JPPipeline.m */ = {isa = PBXFileReference; fileEncoding = 4; lastKnownFileType = sourcecode.c.objc; path = JPPipeline.m; sourceTree = "<group>"; };
		3AEF180013183ED200BC3759 /* JPDefaultHandlerContext.h */ = {isa = PBXFileReference; fileEncoding = 4; lastKnownFileType = sourcecode.c.h; name = JPDefaultHandlerContext.h; path = ../Headers/JPDefaultHandlerContext.h; sourceTree = "<group>"; };
		3AEF180113183ED200BC3759 /* JPDefaultHandlerContext.m */ = {isa = PBXFileReference; fileEncoding = 4; lastKnownFileType = sourcecode.c.objc; path = JPDefaultHandlerContext.m; sourceTree = "<group>"; };
		3AEF180313183ED200BC3759 /* JPPipelineException.h */ = {isa = PBXFileReference; fileEncoding = 4; lastKnownFileType = sourcecode.c.h; name = JPPipelineException.h; path = ../Headers/JPPipelineException.h; sourceTree = "<group>"; };
		3AEF180413183ED200BC3759 /* JPPipelineException.m */ = {isa = PBXFileReference; fileEncoding = 4; lastKnownFileType = sourcecode.c.objc; path = JPPipelineException.m; sourceTree = "<group>"; };
		3AEF180613183ED200BC3759 /* JPPipelineSimpleMessageEvent.m */ = {isa = PBXFileReference; fileEncoding = 4; lastKnownFileType = sourcecode.c.objc; path = JPPipelineSimpleMessageEvent.m; sourceTree = "<group>"; };
		3AEF180713183ED200BC3759 /* JPPipelineSimpleMessageEvent.h */ = {isa = PBXFileReference; fileEncoding = 4; lastKnownFileType = sourcecode.c.h; name = JPPipelineSimpleMessageEvent.h; path = ../Headers/JPPipelineSimpleMessageEvent.h; sourceTree = "<group>"; };
		3AEF180813183ED200BC3759 /* JPPipelineUpstreamMessageEvent.m */ = {isa = PBXFileReference; fileEncoding = 4; lastKnownFileType = sourcecode.c.objc; path = JPPipelineUpstreamMessageEvent.m; sourceTree = "<group>"; };
		3AEF180913183ED200BC3759 /* JPPipelineUpstreamMessageEvent.h */ = {isa = PBXFileReference; fileEncoding = 4; lastKnownFileType = sourcecode.c.h; name = JPPipelineUpstreamMessageEvent.h; path = ../Headers/JPPipelineUpstreamMessageEvent.h; sourceTree = "<group>"; };
		3AEF180A13183ED200BC3759 /* JPPipelineDowstreamMessageEvent.m */ = {isa = PBXFileReference; fileEncoding = 4; lastKnownFileType = sourcecode.c.objc; path = JPPipelineDowstreamMessageEvent.m; sourceTree = "<group>"; };
		3AEF180B13183ED200BC3759 /* JPPipelineDowstreamMessageEvent.h */ = {isa = PBXFileReference; fileEncoding = 4; lastKnownFileType = sourcecode.c.h; name = JPPipelineDowstreamMessageEvent.h; path = ../Headers/JPPipelineDowstreamMessageEvent.h; sourceTree = "<group>"; };
		3AEF180C13183ED200BC3759 /* JPDefaultPipelineExceptionEvent.m */ = {isa = PBXFileReference; fileEncoding = 4; lastKnownFileType = sourcecode.c.objc; path = JPDefaultPipelineExceptionEvent.m; sourceTree = "<group>"; };
		3AEF180D13183ED200BC3759 /* JPDefaultPipelineExceptionEvent.h */ = {isa = PBXFileReference; fileEncoding = 4; lastKnownFileType = sourcecode.c.h; name = JPDefaultPipelineExceptionEvent.h; path = ../Headers/JPDefaultPipelineExceptionEvent.h; sourceTree = "<group>"; };
		3AEF180E13183ED200BC3759 /* JPDefaultCancelEvent.m */ = {isa = PBXFileReference; fileEncoding = 4; lastKnownFileType = sourcecode.c.objc; path = JPDefaultCancelEvent.m; sourceTree = "<group>"; };
		3AEF180F13183ED200BC3759 /* JPDefaultCancelEvent.h */ = {isa = PBXFileReference; fileEncoding = 4; lastKnownFileType = sourcecode.c.h; name = JPDefaultCancelEvent.h; path = ../Headers/JPDefaultCancelEvent.h; sourceTree = "<group>"; };
		3AEF181613183ED200BC3759 /* JPPipelineDefaultFuture.m */ = {isa = PBXFileReference; fileEncoding = 4; lastKnownFileType = sourcecode.c.objc; path = JPPipelineDefaultFuture.m; sourceTree = "<group>"; };
		3AEF181713183ED200BC3759 /* JPPipelineDefaultFuture.h */ = {isa = PBXFileReference; fileEncoding = 4; lastKnownFileType = sourcecode.c.h; name = JPPipelineDefaultFuture.h; path = ../Headers/JPPipelineDefaultFuture.h; sourceTree = "<group>"; };
		3AEF181913183ED200BC3759 /* JPSimplePipelineHandler.m */ = {isa = PBXFileReference; fileEncoding = 4; lastKnownFileType = sourcecode.c.objc; path = JPSimplePipelineHandler.m; sourceTree = "<group>"; };
		3AEF181A13183ED200BC3759 /* JPSimplePipelineHandler.h */ = {isa = PBXFileReference; fileEncoding = 4; lastKnownFileType = sourcecode.c.h; name = JPSimplePipelineHandler.h; path = ../Headers/JPSimplePipelineHandler.h; sourceTree = "<group>"; };
		3AEF181B13183ED200BC3759 /* JPSimplePipelineUpstreamHandler.h */ = {isa = PBXFileReference; fileEncoding = 4; lastKnownFileType = sourcecode.c.h; name = JPSimplePipelineUpstreamHandler.h; path = ../Headers/JPSimplePipelineUpstreamHandler.h; sourceTree = "<group>"; };
		3AEF181C13183ED200BC3759 /* JPSimplePipelineUpstreamHandler.m */ = {isa = PBXFileReference; fileEncoding = 4; lastKnownFileType = sourcecode.c.objc; path = JPSimplePipelineUpstreamHandler.m; sourceTree = "<group>"; };
		3AEF181D13183ED200BC3759 /* JPSimplePipelineDownstreamHandler.m */ = {isa = PBXFileReference; fileEncoding = 4; lastKnownFileType = sourcecode.c.objc; path = JPSimplePipelineDownstreamHandler.m; sourceTree = "<group>"; };
		3AEF181E13183ED200BC3759 /* JPSimplePipelineDownstreamHandler.h */ = {isa = PBXFileReference; fileEncoding = 4; lastKnownFileType = sourcecode.c.h; name = JPSimplePipelineDownstreamHandler.h; path = ../Headers/JPSimplePipelineDownstreamHandler.h; sourceTree = "<group>"; };
		3AEF182113183ED200BC3759 /* JPPipelineFactory.h */ = {isa = PBXFileReference; fileEncoding = 4; lastKnownFileType = sourcecode.c.h; name = JPPipelineFactory.h; path = ../Headers/JPPipelineFactory.h; sourceTree = "<group>"; };
		3AEF182213183ED200BC3759 /* JPPipelineEventFactory.h */ = {isa = PBXFileReference; fileEncoding = 4; lastKnownFileType = sourcecode.c.h; name = JPPipelineEventFactory.h; path = ../Headers/JPPipelineEventFactory.h; sourceTree = "<group>"; };
		3AEF182413183ED200BC3759 /* JPPipelineHandler.h */ = {isa = PBXFileReference; fileEncoding = 4; lastKnownFileType = sourcecode.c.h; name = JPPipelineHandler.h; path = ../Headers/JPPipelineHandler.h; sourceTree = "<group>"; };
		3AEF182513183ED200BC3759 /* JPPipelineUpstreamHandler.h */ = {isa = PBXFileReference; fileEncoding = 4; lastKnownFileType = sourcecode.c.h; name = JPPipelineUpstreamHandler.h; path = ../Headers/JPPipelineUpstreamHandler.h; sourceTree = "<group>"; };
		3AEF182613183ED200BC3759 /* JPPipelineDownstreamHandler.h */ = {isa = PBXFileReference; fileEncoding = 4; lastKnownFileType = sourcecode.c.h; name = JPPipelineDownstreamHandler.h; path = ../Headers/JPPipelineDownstreamHandler.h; sourceTree = "<group>"; };
		3AEF182813183ED200BC3759 /* JPPipelineEventListener.h */ = {isa = PBXFileReference; fileEncoding = 4; lastKnownFileType = sourcecode.c.h; name = JPPipelineEventListener.h; path = ../Headers/JPPipelineEventListener.h; sourceTree = "<group>"; };
		3AEF182913183ED200BC3759 /* JPPipelineEvent.h */ = {isa = PBXFileReference; fileEncoding = 4; lastKnownFileType = sourcecode.c.h; name = JPPipelineEvent.h; path = ../Headers/JPPipelineEvent.h; sourceTree = "<group>"; };
		3AEF182A13183ED200BC3759 /* JPPipelineMessageEvent.h */ = {isa = PBXFileReference; fileEncoding = 4; lastKnownFileType = sourcecode.c.h; name = JPPipelineMessageEvent.h; path = ../Headers/JPPipelineMessageEvent.h; sourceTree = "<group>"; };
		3AEF182B13183ED200BC3759 /* JPPipelineExceptionEvent.h */ = {isa = PBXFileReference; fileEncoding = 4; lastKnownFileType = sourcecode.c.h; name = JPPipelineExceptionEvent.h; path = ../Headers/JPPipelineExceptionEvent.h; sourceTree = "<group>"; };
		3AEF182C13183ED200BC3759 /* JPPipelineFuture.h */ = {isa = PBXFileReference; fileEncoding = 4; lastKnownFileType = sourcecode.c.h; name = JPPipelineFuture.h; path = ../Headers/JPPipelineFuture.h; sourceTree = "<group>"; };
		3AEF182D13183ED200BC3759 /* JPPipelineFutureListener.h */ = {isa = PBXFileReference; fileEncoding = 4; lastKnownFileType = sourcecode.c.h; name = JPPipelineFutureListener.h; path = ../Headers/JPPipelineFutureListener.h; sourceTree = "<group>"; };
		3AEF182E13183ED200BC3759 /* JPPipelineSink.h */ = {isa = PBXFileReference; fileEncoding = 4; lastKnownFileType = sourcecode.c.h; name = JPPipelineSink.h; path = ../Headers/JPPipelineSink.h; sourceTree = "<group>"; };
		3AEF183013183ED200BC3759 /* JPPipelineListenerNotification.h */ = {isa = PBXFileReference; fileEncoding = 4; lastKnownFileType = sourcecode.c.h; name = JPPipelineListenerNotification.h; path = ../Headers/JPPipelineListenerNotification.h; sourceTree = "<group>"; };
		3AEF183113183ED200BC3759 /* JPPipelineHandlerContext.h */ = {isa = PBXFileReference; fileEncoding = 4; lastKnownFileType = sourcecode.c.h; name = JPPipelineHandlerContext.h; path = ../Headers/JPPipelineHandlerContext.h; sourceTree = "<group>"; };
		3AEF183313183ED200BC3759 /* JPPipelineNotification.h */ = {isa = PBXFileReference; fileEncoding = 4; lastKnownFileType = sourcecode.c.h; name = JPPipelineNotification.h; path = ../Headers/JPPipelineNotification.h; sourceTree = "<group>"; };
		3AEF183413183ED200BC3759 /* JPPipelineNotification.m */ = {isa = PBXFileReference; fileEncoding = 4; lastKnownFileType = sourcecode.c.objc; path = JPPipelineNotification.m; sourceTree = "<group>"; };
		3AEF190C1318414F00BC3759 /* JPDataProcessserJSON.h */ = {isa = PBXFileReference; fileEncoding = 4; lastKnownFileType = sourcecode.c.h; name = JPDataProcessserJSON.h; path = Headers/JPDataProcessserJSON.h; sourceTree = "<group>"; };
		AA747D9E0F9514B9006C5449 /* JUMPNetwork_Prefix.pch */ = {isa = PBXFileReference; fileEncoding = 4; lastKnownFileType = sourcecode.c.h; path = JUMPNetwork_Prefix.pch; sourceTree = SOURCE_ROOT; };
		AACBBE490F95108600F1A2B1 /* Foundation.framework */ = {isa = PBXFileReference; lastKnownFileType = wrapper.framework; name = Foundation.framework; path = System/Library/Frameworks/Foundation.framework; sourceTree = SDKROOT; };
		D2AAC07E0554694100DB518D /* libJUMPNetwork.a */ = {isa = PBXFileReference; explicitFileType = archive.ar; includeInIndex = 0; path = libJUMPNetwork.a; sourceTree = BUILT_PRODUCTS_DIR; };
		DA727E21BE06413B984CBD82 /* Pods.xcconfig */ = {isa = PBXFileReference; includeInIndex = 1; lastKnownFileType = text.xcconfig; name = Pods.xcconfig; path = Pods/Pods.xcconfig; sourceTree = "<group>"; };
/* End PBXFileReference section */

/* Begin PBXFrameworksBuildPhase section */
		187E2096140FCAE9003D1652 /* Frameworks */ = {
			isa = PBXFrameworksBuildPhase;
			buildActionMask = 2147483647;
			files = (
				18B7C88916026AF900E4E68A /* libz.1.2.5.dylib in Frameworks */,
				187E2097140FCAE9003D1652 /* Foundation.framework in Frameworks */,
				187E2098140FCAE9003D1652 /* CFNetwork.framework in Frameworks */,
				187E2099140FCAE9003D1652 /* SystemConfiguration.framework in Frameworks */,
				187E209A140FCAE9003D1652 /* MobileCoreServices.framework in Frameworks */,
				187E209B140FCAE9003D1652 /* CoreGraphics.framework in Frameworks */,
				187E20B6140FCB17003D1652 /* UIKit.framework in Frameworks */,
			);
			runOnlyForDeploymentPostprocessing = 0;
		};
		D2AAC07C0554694100DB518D /* Frameworks */ = {
			isa = PBXFrameworksBuildPhase;
			buildActionMask = 2147483647;
			files = (
				18B7C88716026ADB00E4E68A /* libz.1.2.5.dylib in Frameworks */,
				AACBBE4A0F95108600F1A2B1 /* Foundation.framework in Frameworks */,
				3A7848281326AF7F00C3374A /* CFNetwork.framework in Frameworks */,
				3A78482A1326AF8700C3374A /* SystemConfiguration.framework in Frameworks */,
				3A78482C1326AF8E00C3374A /* MobileCoreServices.framework in Frameworks */,
				3A78482E1326AF9900C3374A /* CoreGraphics.framework in Frameworks */,
				6111F9CA19144667935A2296 /* libPods.a in Frameworks */,
			);
			runOnlyForDeploymentPostprocessing = 0;
		};
/* End PBXFrameworksBuildPhase section */

/* Begin PBXGroup section */
		034768DFFF38A50411DB9C8B /* Products */ = {
			isa = PBXGroup;
			children = (
				D2AAC07E0554694100DB518D /* libJUMPNetwork.a */,
				187E20A0140FCAE9003D1652 /* libJUMPNetwork.a */,
			);
			name = Products;
			sourceTree = "<group>";
		};
		0867D691FE84028FC02AAC07 /* JUMPNetwork */ = {
			isa = PBXGroup;
			children = (
				3A78481C1326AF6E00C3374A /* Libraries */,
				3AEF17D813183ED200BC3759 /* Sources */,
				32C88DFF0371C24200C91783 /* Other Sources */,
				0867D69AFE84028FC02AAC07 /* Frameworks */,
				034768DFFF38A50411DB9C8B /* Products */,
				DA727E21BE06413B984CBD82 /* Pods.xcconfig */,
			);
			name = JUMPNetwork;
			sourceTree = "<group>";
		};
		0867D69AFE84028FC02AAC07 /* Frameworks */ = {
			isa = PBXGroup;
			children = (
				187E20B5140FCB17003D1652 /* UIKit.framework */,
				3A7848311326AFCE00C3374A /* libz.1.2.3.dylib */,
				AACBBE490F95108600F1A2B1 /* Foundation.framework */,
				3A7848271326AF7F00C3374A /* CFNetwork.framework */,
				3A7848291326AF8700C3374A /* SystemConfiguration.framework */,
				3A78482B1326AF8E00C3374A /* MobileCoreServices.framework */,
				3A78482D1326AF9900C3374A /* CoreGraphics.framework */,
				03A869AD12D240D59FEED48A /* libPods.a */,
			);
			name = Frameworks;
			sourceTree = "<group>";
		};
		1837D389135C7FFF0014E7CC /* XML */ = {
			isa = PBXGroup;
			children = (
				1837D38A135C80040014E7CC /* Interfaces */,
			);
			name = XML;
			sourceTree = "<group>";
		};
		1837D38A135C80040014E7CC /* Interfaces */ = {
			isa = PBXGroup;
			children = (
				1837D391135C80130014E7CC /* JPDataProcessserXML.h */,
			);
			name = Interfaces;
			sourceTree = "<group>";
		};
		1840603F13EEEEBB004E6BC0 /* Futures */ = {
			isa = PBXGroup;
			children = (
				3AEF181713183ED200BC3759 /* JPPipelineDefaultFuture.h */,
				3AEF181613183ED200BC3759 /* JPPipelineDefaultFuture.m */,
				1840607313EEEEBB004E6BC0 /* JPPipelineCompletedFuture.h */,
				1840607513EEEEBB004E6BC0 /* JPPipelineCompletedFuture.m */,
				1840606213EEEEBB004E6BC0 /* JPPipelineSucceededFuture.h */,
				1840606013EEEEBB004E6BC0 /* JPPipelineSucceededFuture.m */,
				1840608613EEEEBB004E6BC0 /* JPPipelineFailedFuture.h */,
				1840608413EEEEBB004E6BC0 /* JPPipelineFailedFuture.m */,
			);
			name = Futures;
			sourceTree = "<group>";
		};
		185BE74C13EB21DF003BA260 /* Models */ = {
			isa = PBXGroup;
			children = (
				185BE75713EB21F9003BA260 /* JPJSONRPCModel.h */,
				185BE75913EB220D003BA260 /* JPJSONRPCModel.m */,
			);
			name = Models;
			sourceTree = "<group>";
		};
		185F4D1E135F38140069C261 /* XML Components */ = {
			isa = PBXGroup;
			children = (
				185F4D1F135F382F0069C261 /* Handlers */,
			);
			name = "XML Components";
			path = Sources;
			sourceTree = "<group>";
		};
		185F4D1F135F382F0069C261 /* Handlers */ = {
			isa = PBXGroup;
			children = (
				185F4D27135F38490069C261 /* JPXMLDecoderHandler.h */,
				185F4D29135F38530069C261 /* JPXMLDecoderHandler.m */,
			);
			name = Handlers;
			sourceTree = "<group>";
		};
		1889406B1381839B00EFAE98 /* JSON */ = {
			isa = PBXGroup;
			children = (
				18894076138183B900EFAE98 /* JPJSONDecoderHandler.h */,
				18894078138183C700EFAE98 /* JPJSONDecoderHandler.m */,
			);
			name = JSON;
			sourceTree = "<group>";
		};
		1889406C1381839F00EFAE98 /* JSON-RPC */ = {
			isa = PBXGroup;
			children = (
				185BE74C13EB21DF003BA260 /* Models */,
				3AEF17DD13183ED200BC3759 /* Events */,
				3AEF17E113183ED200BC3759 /* JPJSONRPCDecoderHandler.h */,
				3AEF17E213183ED200BC3759 /* JPJSONRPCDecoderHandler.m */,
				3AEF17E313183ED200BC3759 /* JPJSONRPCEncoderHandler.h */,
				3AEF17E413183ED200BC3759 /* JPJSONRPCEncoderHandler.m */,
			);
			name = "JSON-RPC";
			sourceTree = "<group>";
		};
		32C88DFF0371C24200C91783 /* Other Sources */ = {
			isa = PBXGroup;
			children = (
				AA747D9E0F9514B9006C5449 /* JUMPNetwork_Prefix.pch */,
			);
			name = "Other Sources";
			sourceTree = "<group>";
		};
		3A7846CC13268C4F00C3374A /* I|O Transporters */ = {
			isa = PBXGroup;
			children = (
				3AEF17EF13183ED200BC3759 /* JPTransporterMessage.h */,
				3AEF17E813183ED200BC3759 /* HTTP Components */,
				185F4D1E135F38140069C261 /* XML Components */,
				3AEF17DA13183ED200BC3759 /* JSON Components */,
			);
			name = "I|O Transporters";
			sourceTree = "<group>";
		};
		3A78481C1326AF6E00C3374A /* Libraries */ = {
			isa = PBXGroup;
			children = (
				18B7C88816026AF900E4E68A /* libz.1.2.5.dylib */,
				18B7C88616026ADB00E4E68A /* libz.1.2.5.dylib */,
			);
			name = Libraries;
			sourceTree = "<group>";
		};
		3AEF17D813183ED200BC3759 /* Sources */ = {
			isa = PBXGroup;
			children = (
				3A7846CC13268C4F00C3374A /* I|O Transporters */,
				3AEF17F113183ED200BC3759 /* Logic Layer */,
			);
			name = Sources;
			sourceTree = "<group>";
		};
		3AEF17DA13183ED200BC3759 /* JSON Components */ = {
			isa = PBXGroup;
			children = (
				3AEF17E513183ED200BC3759 /* Factories */,
				3AEF17E013183ED200BC3759 /* Handlers */,
				3AEF17DB13183ED200BC3759 /* Interfaces */,
			);
			name = "JSON Components";
			path = Sources;
			sourceTree = "<group>";
		};
		3AEF17DB13183ED200BC3759 /* Interfaces */ = {
			isa = PBXGroup;
			children = (
				3AEF17DC13183ED200BC3759 /* JPTransporterJSONRPCMessage.h */,
			);
			name = Interfaces;
			sourceTree = "<group>";
		};
		3AEF17DD13183ED200BC3759 /* Events */ = {
			isa = PBXGroup;
			children = (
				3AEF17DE13183ED200BC3759 /* JPJSONRPCMessage.h */,
				3AEF17DF13183ED200BC3759 /* JPJSONRPCMessage.m */,
			);
			name = Events;
			sourceTree = "<group>";
		};
		3AEF17E013183ED200BC3759 /* Handlers */ = {
			isa = PBXGroup;
			children = (
				1889406B1381839B00EFAE98 /* JSON */,
				1889406C1381839F00EFAE98 /* JSON-RPC */,
			);
			name = Handlers;
			sourceTree = "<group>";
		};
		3AEF17E513183ED200BC3759 /* Factories */ = {
			isa = PBXGroup;
			children = (
				3AEF17E613183ED200BC3759 /* JPJSONRPCEventFactory.h */,
				3AEF17E713183ED200BC3759 /* JPJSONRPCEventFactory.m */,
			);
			name = Factories;
			sourceTree = "<group>";
		};
		3AEF17E813183ED200BC3759 /* HTTP Components */ = {
			isa = PBXGroup;
			children = (
				3A7846E013268C9C00C3374A /* JPHTTPTransporter.h */,
				3A7846E113268C9C00C3374A /* JPHTTPTransporter.m */,
				3AEF17EE13183ED200BC3759 /* Interfaces */,
				3AEF17EB13183ED200BC3759 /* Messages */,
			);
			name = "HTTP Components";
			path = Sources;
			sourceTree = "<group>";
		};
		3AEF17EB13183ED200BC3759 /* Messages */ = {
			isa = PBXGroup;
			children = (
				3AEF17EC13183ED200BC3759 /* JPDefaultHTTPMessage.h */,
				3AEF17ED13183ED200BC3759 /* JPDefaultHTTPMessage.m */,
			);
			name = Messages;
			sourceTree = "<group>";
		};
		3AEF17EE13183ED200BC3759 /* Interfaces */ = {
			isa = PBXGroup;
			children = (
				3AEF17F013183ED200BC3759 /* JPTransporterHTTPMessage.h */,
			);
			name = Interfaces;
			sourceTree = "<group>";
		};
		3AEF17F113183ED200BC3759 /* Logic Layer */ = {
			isa = PBXGroup;
			children = (
				3AEF18FA1318400500BC3759 /* Data Processers */,
				3AEF17FD13183ED200BC3759 /* Pipeline */,
			);
			name = "Logic Layer";
			sourceTree = "<group>";
		};
		3AEF17FD13183ED200BC3759 /* Pipeline */ = {
			isa = PBXGroup;
			children = (
				3AEF183213183ED200BC3759 /* Notifications */,
				3AEF181F13183ED200BC3759 /* Interfaces */,
				3AEF181813183ED200BC3759 /* Simple Handlers */,
				3AEF180513183ED200BC3759 /* Simple Events */,
				3AEF180213183ED200BC3759 /* Exceptions */,
				3AEF17FE13183ED200BC3759 /* JPPipeline.h */,
				3AEF17FF13183ED200BC3759 /* JPPipeline.m */,
				3AEF180013183ED200BC3759 /* JPDefaultHandlerContext.h */,
				3AEF180113183ED200BC3759 /* JPDefaultHandlerContext.m */,
			);
			name = Pipeline;
			path = Sources;
			sourceTree = "<group>";
		};
		3AEF180213183ED200BC3759 /* Exceptions */ = {
			isa = PBXGroup;
			children = (
				3AEF180313183ED200BC3759 /* JPPipelineException.h */,
				3AEF180413183ED200BC3759 /* JPPipelineException.m */,
			);
			name = Exceptions;
			sourceTree = "<group>";
		};
		3AEF180513183ED200BC3759 /* Simple Events */ = {
			isa = PBXGroup;
			children = (
				1840603F13EEEEBB004E6BC0 /* Futures */,
				3AEF180713183ED200BC3759 /* JPPipelineSimpleMessageEvent.h */,
				3AEF180613183ED200BC3759 /* JPPipelineSimpleMessageEvent.m */,
				3AEF180913183ED200BC3759 /* JPPipelineUpstreamMessageEvent.h */,
				3AEF180813183ED200BC3759 /* JPPipelineUpstreamMessageEvent.m */,
				3AEF180B13183ED200BC3759 /* JPPipelineDowstreamMessageEvent.h */,
				3AEF180A13183ED200BC3759 /* JPPipelineDowstreamMessageEvent.m */,
				3AEF180D13183ED200BC3759 /* JPDefaultPipelineExceptionEvent.h */,
				3AEF180C13183ED200BC3759 /* JPDefaultPipelineExceptionEvent.m */,
				3AEF180F13183ED200BC3759 /* JPDefaultCancelEvent.h */,
				3AEF180E13183ED200BC3759 /* JPDefaultCancelEvent.m */,
			);
			name = "Simple Events";
			sourceTree = "<group>";
		};
		3AEF181813183ED200BC3759 /* Simple Handlers */ = {
			isa = PBXGroup;
			children = (
				3AEF181A13183ED200BC3759 /* JPSimplePipelineHandler.h */,
				3AEF181913183ED200BC3759 /* JPSimplePipelineHandler.m */,
				3AEF181B13183ED200BC3759 /* JPSimplePipelineUpstreamHandler.h */,
				3AEF181C13183ED200BC3759 /* JPSimplePipelineUpstreamHandler.m */,
				3AEF181E13183ED200BC3759 /* JPSimplePipelineDownstreamHandler.h */,
				3AEF181D13183ED200BC3759 /* JPSimplePipelineDownstreamHandler.m */,
			);
			name = "Simple Handlers";
			sourceTree = "<group>";
		};
		3AEF181F13183ED200BC3759 /* Interfaces */ = {
			isa = PBXGroup;
			children = (
				3AEF182E13183ED200BC3759 /* JPPipelineSink.h */,
				3AEF183013183ED200BC3759 /* JPPipelineListenerNotification.h */,
				3AEF183113183ED200BC3759 /* JPPipelineHandlerContext.h */,
				3AEF182713183ED200BC3759 /* Events */,
				3AEF182313183ED200BC3759 /* Handlers */,
				3AEF182013183ED200BC3759 /* Factories */,
			);
			name = Interfaces;
			sourceTree = "<group>";
		};
		3AEF182013183ED200BC3759 /* Factories */ = {
			isa = PBXGroup;
			children = (
				3AEF182113183ED200BC3759 /* JPPipelineFactory.h */,
				3AEF182213183ED200BC3759 /* JPPipelineEventFactory.h */,
			);
			name = Factories;
			sourceTree = "<group>";
		};
		3AEF182313183ED200BC3759 /* Handlers */ = {
			isa = PBXGroup;
			children = (
				3AEF182413183ED200BC3759 /* JPPipelineHandler.h */,
				3AEF182513183ED200BC3759 /* JPPipelineUpstreamHandler.h */,
				3AEF182613183ED200BC3759 /* JPPipelineDownstreamHandler.h */,
			);
			name = Handlers;
			sourceTree = "<group>";
		};
		3AEF182713183ED200BC3759 /* Events */ = {
			isa = PBXGroup;
			children = (
				3AEF182813183ED200BC3759 /* JPPipelineEventListener.h */,
				3AEF182913183ED200BC3759 /* JPPipelineEvent.h */,
				3AEF182A13183ED200BC3759 /* JPPipelineMessageEvent.h */,
				3AEF182B13183ED200BC3759 /* JPPipelineExceptionEvent.h */,
				3AEF182C13183ED200BC3759 /* JPPipelineFuture.h */,
				3AEF182D13183ED200BC3759 /* JPPipelineFutureListener.h */,
			);
			name = Events;
			sourceTree = "<group>";
		};
		3AEF183213183ED200BC3759 /* Notifications */ = {
			isa = PBXGroup;
			children = (
				3AEF183313183ED200BC3759 /* JPPipelineNotification.h */,
				3AEF183413183ED200BC3759 /* JPPipelineNotification.m */,
			);
			name = Notifications;
			sourceTree = "<group>";
		};
		3AEF18FA1318400500BC3759 /* Data Processers */ = {
			isa = PBXGroup;
			children = (
				1837D389135C7FFF0014E7CC /* XML */,
				3AEF190A131840E800BC3759 /* JSON */,
			);
			name = "Data Processers";
			sourceTree = "<group>";
		};
		3AEF1909131840DC00BC3759 /* Interfaces */ = {
			isa = PBXGroup;
			children = (
				3AEF190C1318414F00BC3759 /* JPDataProcessserJSON.h */,
			);
			name = Interfaces;
			sourceTree = "<group>";
		};
		3AEF190A131840E800BC3759 /* JSON */ = {
			isa = PBXGroup;
			children = (
				3AEF1909131840DC00BC3759 /* Interfaces */,
			);
			name = JSON;
			sourceTree = "<group>";
		};
/* End PBXGroup section */

/* Begin PBXHeadersBuildPhase section */
		187E201D140FCAE9003D1652 /* Headers */ = {
			isa = PBXHeadersBuildPhase;
			buildActionMask = 2147483647;
			files = (
				187E201E140FCAE9003D1652 /* JUMPNetwork_Prefix.pch in Headers */,
				187E201F140FCAE9003D1652 /* JPTransporterJSONRPCMessage.h in Headers */,
				187E2020140FCAE9003D1652 /* JPJSONRPCMessage.h in Headers */,
				187E2021140FCAE9003D1652 /* JPJSONRPCDecoderHandler.h in Headers */,
				187E2022140FCAE9003D1652 /* JPJSONRPCEncoderHandler.h in Headers */,
				187E2023140FCAE9003D1652 /* JPJSONRPCEventFactory.h in Headers */,
				187E2024140FCAE9003D1652 /* JPDefaultHTTPMessage.h in Headers */,
				187E2025140FCAE9003D1652 /* JPTransporterMessage.h in Headers */,
				187E2026140FCAE9003D1652 /* JPTransporterHTTPMessage.h in Headers */,
				187E2027140FCAE9003D1652 /* JPPipeline.h in Headers */,
				187E2028140FCAE9003D1652 /* JPDefaultHandlerContext.h in Headers */,
				187E2029140FCAE9003D1652 /* JPPipelineException.h in Headers */,
				187E202A140FCAE9003D1652 /* JPPipelineSimpleMessageEvent.h in Headers */,
				187E202B140FCAE9003D1652 /* JPPipelineUpstreamMessageEvent.h in Headers */,
				187E202C140FCAE9003D1652 /* JPPipelineDowstreamMessageEvent.h in Headers */,
				187E202D140FCAE9003D1652 /* JPDefaultPipelineExceptionEvent.h in Headers */,
				187E202E140FCAE9003D1652 /* JPDefaultCancelEvent.h in Headers */,
				187E202F140FCAE9003D1652 /* JPPipelineDefaultFuture.h in Headers */,
				187E2030140FCAE9003D1652 /* JPSimplePipelineHandler.h in Headers */,
				187E2031140FCAE9003D1652 /* JPSimplePipelineUpstreamHandler.h in Headers */,
				187E2032140FCAE9003D1652 /* JPSimplePipelineDownstreamHandler.h in Headers */,
				187E2033140FCAE9003D1652 /* JPPipelineFactory.h in Headers */,
				187E2034140FCAE9003D1652 /* JPPipelineEventFactory.h in Headers */,
				187E2035140FCAE9003D1652 /* JPPipelineHandler.h in Headers */,
				187E2036140FCAE9003D1652 /* JPPipelineUpstreamHandler.h in Headers */,
				187E2037140FCAE9003D1652 /* JPPipelineDownstreamHandler.h in Headers */,
				187E2038140FCAE9003D1652 /* JPPipelineEventListener.h in Headers */,
				187E2039140FCAE9003D1652 /* JPPipelineEvent.h in Headers */,
				187E203A140FCAE9003D1652 /* JPPipelineMessageEvent.h in Headers */,
				187E203B140FCAE9003D1652 /* JPPipelineExceptionEvent.h in Headers */,
				187E203C140FCAE9003D1652 /* JPPipelineFuture.h in Headers */,
				187E203D140FCAE9003D1652 /* JPPipelineFutureListener.h in Headers */,
				187E203E140FCAE9003D1652 /* JPPipelineSink.h in Headers */,
				187E203F140FCAE9003D1652 /* JPPipelineListenerNotification.h in Headers */,
				187E2040140FCAE9003D1652 /* JPPipelineHandlerContext.h in Headers */,
				187E2041140FCAE9003D1652 /* JPPipelineNotification.h in Headers */,
				187E2042140FCAE9003D1652 /* JPDataProcessserJSON.h in Headers */,
				187E2043140FCAE9003D1652 /* JPHTTPTransporter.h in Headers */,
				187E2044140FCAE9003D1652 /* JPDataProcessserXML.h in Headers */,
				187E2045140FCAE9003D1652 /* JPXMLDecoderHandler.h in Headers */,
				187E2046140FCAE9003D1652 /* JPJSONDecoderHandler.h in Headers */,
				187E2062140FCAE9003D1652 /* JPPipelineSucceededFuture.h in Headers */,
				187E2063140FCAE9003D1652 /* JPPipelineCompletedFuture.h in Headers */,
				187E2064140FCAE9003D1652 /* JPPipelineFailedFuture.h in Headers */,
				187E2065140FCAE9003D1652 /* JPJSONRPCModel.h in Headers */,
			);
			runOnlyForDeploymentPostprocessing = 0;
		};
		D2AAC07A0554694100DB518D /* Headers */ = {
			isa = PBXHeadersBuildPhase;
			buildActionMask = 2147483647;
			files = (
				AA747D9F0F9514B9006C5449 /* JUMPNetwork_Prefix.pch in Headers */,
				3AEF183513183ED200BC3759 /* JPTransporterJSONRPCMessage.h in Headers */,
				3AEF183613183ED200BC3759 /* JPJSONRPCMessage.h in Headers */,
				3AEF183813183ED200BC3759 /* JPJSONRPCDecoderHandler.h in Headers */,
				3AEF183A13183ED200BC3759 /* JPJSONRPCEncoderHandler.h in Headers */,
				3AEF183C13183ED200BC3759 /* JPJSONRPCEventFactory.h in Headers */,
				3AEF184013183ED200BC3759 /* JPDefaultHTTPMessage.h in Headers */,
				3AEF184213183ED200BC3759 /* JPTransporterMessage.h in Headers */,
				3AEF184313183ED200BC3759 /* JPTransporterHTTPMessage.h in Headers */,
				3AEF184C13183ED200BC3759 /* JPPipeline.h in Headers */,
				3AEF184E13183ED200BC3759 /* JPDefaultHandlerContext.h in Headers */,
				3AEF185013183ED200BC3759 /* JPPipelineException.h in Headers */,
				3AEF185313183ED200BC3759 /* JPPipelineSimpleMessageEvent.h in Headers */,
				3AEF185513183ED200BC3759 /* JPPipelineUpstreamMessageEvent.h in Headers */,
				3AEF185713183ED200BC3759 /* JPPipelineDowstreamMessageEvent.h in Headers */,
				3AEF185913183ED200BC3759 /* JPDefaultPipelineExceptionEvent.h in Headers */,
				3AEF185B13183ED200BC3759 /* JPDefaultCancelEvent.h in Headers */,
				3AEF186313183ED200BC3759 /* JPPipelineDefaultFuture.h in Headers */,
				3AEF186513183ED200BC3759 /* JPSimplePipelineHandler.h in Headers */,
				3AEF186613183ED200BC3759 /* JPSimplePipelineUpstreamHandler.h in Headers */,
				3AEF186913183ED200BC3759 /* JPSimplePipelineDownstreamHandler.h in Headers */,
				3AEF186A13183ED200BC3759 /* JPPipelineFactory.h in Headers */,
				3AEF186B13183ED200BC3759 /* JPPipelineEventFactory.h in Headers */,
				3AEF186C13183ED200BC3759 /* JPPipelineHandler.h in Headers */,
				3AEF186D13183ED200BC3759 /* JPPipelineUpstreamHandler.h in Headers */,
				3AEF186E13183ED200BC3759 /* JPPipelineDownstreamHandler.h in Headers */,
				3AEF186F13183ED200BC3759 /* JPPipelineEventListener.h in Headers */,
				3AEF187013183ED200BC3759 /* JPPipelineEvent.h in Headers */,
				3AEF187113183ED200BC3759 /* JPPipelineMessageEvent.h in Headers */,
				3AEF187213183ED200BC3759 /* JPPipelineExceptionEvent.h in Headers */,
				3AEF187313183ED200BC3759 /* JPPipelineFuture.h in Headers */,
				3AEF187413183ED200BC3759 /* JPPipelineFutureListener.h in Headers */,
				3AEF187513183ED200BC3759 /* JPPipelineSink.h in Headers */,
				3AEF187713183ED200BC3759 /* JPPipelineListenerNotification.h in Headers */,
				3AEF187813183ED200BC3759 /* JPPipelineHandlerContext.h in Headers */,
				3AEF187913183ED200BC3759 /* JPPipelineNotification.h in Headers */,
				3AEF190D1318414F00BC3759 /* JPDataProcessserJSON.h in Headers */,
				3A7846E213268C9C00C3374A /* JPHTTPTransporter.h in Headers */,
				1837D392135C80130014E7CC /* JPDataProcessserXML.h in Headers */,
				185F4D28135F38490069C261 /* JPXMLDecoderHandler.h in Headers */,
				18894077138183B900EFAE98 /* JPJSONDecoderHandler.h in Headers */,
				1840606313EEEEBB004E6BC0 /* JPPipelineSucceededFuture.h in Headers */,
				1840607413EEEEBB004E6BC0 /* JPPipelineCompletedFuture.h in Headers */,
				1840608713EEEEBB004E6BC0 /* JPPipelineFailedFuture.h in Headers */,
				185BE75813EB21F9003BA260 /* JPJSONRPCModel.h in Headers */,
			);
			runOnlyForDeploymentPostprocessing = 0;
		};
/* End PBXHeadersBuildPhase section */

/* Begin PBXNativeTarget section */
		187E201C140FCAE9003D1652 /* JUMPNetworkMacOS */ = {
			isa = PBXNativeTarget;
			buildConfigurationList = 187E209D140FCAE9003D1652 /* Build configuration list for PBXNativeTarget "JUMPNetworkMacOS" */;
			buildPhases = (
				187E201D140FCAE9003D1652 /* Headers */,
				187E2066140FCAE9003D1652 /* Sources */,
				187E2096140FCAE9003D1652 /* Frameworks */,
			);
			buildRules = (
			);
			dependencies = (
			);
			name = JUMPNetworkMacOS;
			productName = JUMPNetwork;
			productReference = 187E20A0140FCAE9003D1652 /* libJUMPNetwork.a */;
			productType = "com.apple.product-type.library.static";
		};
		D2AAC07D0554694100DB518D /* JUMPNetwork */ = {
			isa = PBXNativeTarget;
			buildConfigurationList = 1DEB921E08733DC00010E9CD /* Build configuration list for PBXNativeTarget "JUMPNetwork" */;
			buildPhases = (
				5CE3A507690348508F0FD1FE /* Check Pods Manifest.lock */,
				D2AAC07A0554694100DB518D /* Headers */,
				D2AAC07B0554694100DB518D /* Sources */,
				D2AAC07C0554694100DB518D /* Frameworks */,
				9011D6F157B1470CB25EA699 /* Copy Pods Resources */,
			);
			buildRules = (
			);
			dependencies = (
			);
			name = JUMPNetwork;
			productName = JUMPNetwork;
			productReference = D2AAC07E0554694100DB518D /* libJUMPNetwork.a */;
			productType = "com.apple.product-type.library.static";
		};
/* End PBXNativeTarget section */

/* Begin PBXProject section */
		0867D690FE84028FC02AAC07 /* Project object */ = {
			isa = PBXProject;
			attributes = {
				LastUpgradeCheck = 0440;
			};
			buildConfigurationList = 1DEB922208733DC00010E9CD /* Build configuration list for PBXProject "JUMPNetwork" */;
			compatibilityVersion = "Xcode 3.2";
			developmentRegion = English;
			hasScannedForEncodings = 1;
			knownRegions = (
				English,
				Japanese,
				French,
				German,
			);
			mainGroup = 0867D691FE84028FC02AAC07 /* JUMPNetwork */;
			productRefGroup = 034768DFFF38A50411DB9C8B /* Products */;
			projectDirPath = "";
			projectRoot = "";
			targets = (
				D2AAC07D0554694100DB518D /* JUMPNetwork */,
				187E201C140FCAE9003D1652 /* JUMPNetworkMacOS */,
			);
		};
/* End PBXProject section */

/* Begin PBXShellScriptBuildPhase section */
		5CE3A507690348508F0FD1FE /* Check Pods Manifest.lock */ = {
			isa = PBXShellScriptBuildPhase;
			buildActionMask = 2147483647;
			files = (
			);
			inputPaths = (
			);
			name = "Check Pods Manifest.lock";
			outputPaths = (
			);
			runOnlyForDeploymentPostprocessing = 0;
			shellPath = /bin/sh;
			shellScript = "diff \"${PODS_ROOT}/../Podfile.lock\" \"${PODS_ROOT}/Manifest.lock\" > /dev/null\nif [[ $? != 0 ]] ; then\n    cat << EOM\nerror: The sandbox is not in sync with the Podfile.lock. Run 'pod install' or update your CocoaPods installation.\nEOM\n    exit 1\nfi\n";
			showEnvVarsInLog = 0;
		};
		9011D6F157B1470CB25EA699 /* Copy Pods Resources */ = {
			isa = PBXShellScriptBuildPhase;
			buildActionMask = 2147483647;
			files = (
			);
			inputPaths = (
			);
			name = "Copy Pods Resources";
			outputPaths = (
			);
			runOnlyForDeploymentPostprocessing = 0;
			shellPath = /bin/sh;
			shellScript = "\"${SRCROOT}/Pods/Pods-resources.sh\"\n";
			showEnvVarsInLog = 0;
		};
/* End PBXShellScriptBuildPhase section */

/* Begin PBXSourcesBuildPhase section */
		187E2066140FCAE9003D1652 /* Sources */ = {
			isa = PBXSourcesBuildPhase;
			buildActionMask = 2147483647;
			files = (
				187E2067140FCAE9003D1652 /* JPJSONRPCMessage.m in Sources */,
				187E2068140FCAE9003D1652 /* JPJSONRPCDecoderHandler.m in Sources */,
				187E2069140FCAE9003D1652 /* JPJSONRPCEncoderHandler.m in Sources */,
				187E206A140FCAE9003D1652 /* JPJSONRPCEventFactory.m in Sources */,
				187E206B140FCAE9003D1652 /* JPDefaultHTTPMessage.m in Sources */,
				187E206C140FCAE9003D1652 /* JPPipeline.m in Sources */,
				187E206D140FCAE9003D1652 /* JPDefaultHandlerContext.m in Sources */,
				187E206E140FCAE9003D1652 /* JPPipelineException.m in Sources */,
				187E206F140FCAE9003D1652 /* JPPipelineSimpleMessageEvent.m in Sources */,
				187E2070140FCAE9003D1652 /* JPPipelineUpstreamMessageEvent.m in Sources */,
				187E2071140FCAE9003D1652 /* JPPipelineDowstreamMessageEvent.m in Sources */,
				187E2072140FCAE9003D1652 /* JPDefaultPipelineExceptionEvent.m in Sources */,
				187E2073140FCAE9003D1652 /* JPDefaultCancelEvent.m in Sources */,
				187E2074140FCAE9003D1652 /* JPPipelineDefaultFuture.m in Sources */,
				187E2075140FCAE9003D1652 /* JPSimplePipelineHandler.m in Sources */,
				187E2076140FCAE9003D1652 /* JPSimplePipelineUpstreamHandler.m in Sources */,
				187E2077140FCAE9003D1652 /* JPSimplePipelineDownstreamHandler.m in Sources */,
				187E2078140FCAE9003D1652 /* JPPipelineNotification.m in Sources */,
				187E2079140FCAE9003D1652 /* JPHTTPTransporter.m in Sources */,
				187E207A140FCAE9003D1652 /* JPXMLDecoderHandler.m in Sources */,
				187E207B140FCAE9003D1652 /* JPJSONDecoderHandler.m in Sources */,
				187E2092140FCAE9003D1652 /* JPPipelineSucceededFuture.m in Sources */,
				187E2093140FCAE9003D1652 /* JPPipelineCompletedFuture.m in Sources */,
				187E2094140FCAE9003D1652 /* JPPipelineFailedFuture.m in Sources */,
				187E2095140FCAE9003D1652 /* JPJSONRPCModel.m in Sources */,
			);
			runOnlyForDeploymentPostprocessing = 0;
		};
		D2AAC07B0554694100DB518D /* Sources */ = {
			isa = PBXSourcesBuildPhase;
			buildActionMask = 2147483647;
			files = (
				3AEF183713183ED200BC3759 /* JPJSONRPCMessage.m in Sources */,
				3AEF183913183ED200BC3759 /* JPJSONRPCDecoderHandler.m in Sources */,
				3AEF183B13183ED200BC3759 /* JPJSONRPCEncoderHandler.m in Sources */,
				3AEF183D13183ED200BC3759 /* JPJSONRPCEventFactory.m in Sources */,
				3AEF184113183ED200BC3759 /* JPDefaultHTTPMessage.m in Sources */,
				3AEF184D13183ED200BC3759 /* JPPipeline.m in Sources */,
				3AEF184F13183ED200BC3759 /* JPDefaultHandlerContext.m in Sources */,
				3AEF185113183ED200BC3759 /* JPPipelineException.m in Sources */,
				3AEF185213183ED200BC3759 /* JPPipelineSimpleMessageEvent.m in Sources */,
				3AEF185413183ED200BC3759 /* JPPipelineUpstreamMessageEvent.m in Sources */,
				3AEF185613183ED200BC3759 /* JPPipelineDowstreamMessageEvent.m in Sources */,
				3AEF185813183ED200BC3759 /* JPDefaultPipelineExceptionEvent.m in Sources */,
				3AEF185A13183ED200BC3759 /* JPDefaultCancelEvent.m in Sources */,
				3AEF186213183ED200BC3759 /* JPPipelineDefaultFuture.m in Sources */,
				3AEF186413183ED200BC3759 /* JPSimplePipelineHandler.m in Sources */,
				3AEF186713183ED200BC3759 /* JPSimplePipelineUpstreamHandler.m in Sources */,
				3AEF186813183ED200BC3759 /* JPSimplePipelineDownstreamHandler.m in Sources */,
				3AEF187A13183ED200BC3759 /* JPPipelineNotification.m in Sources */,
				3A7846E313268C9C00C3374A /* JPHTTPTransporter.m in Sources */,
				185F4D2A135F38530069C261 /* JPXMLDecoderHandler.m in Sources */,
				18894079138183C700EFAE98 /* JPJSONDecoderHandler.m in Sources */,
				1840606113EEEEBB004E6BC0 /* JPPipelineSucceededFuture.m in Sources */,
				1840607613EEEEBB004E6BC0 /* JPPipelineCompletedFuture.m in Sources */,
				1840608513EEEEBB004E6BC0 /* JPPipelineFailedFuture.m in Sources */,
				185BE75A13EB220D003BA260 /* JPJSONRPCModel.m in Sources */,
			);
			runOnlyForDeploymentPostprocessing = 0;
		};
/* End PBXSourcesBuildPhase section */

/* Begin XCBuildConfiguration section */
		187E209E140FCAE9003D1652 /* Debug */ = {
			isa = XCBuildConfiguration;
			buildSettings = {
				ALWAYS_SEARCH_USER_PATHS = NO;
				ARCHS = "$(ARCHS_STANDARD_32_BIT)";
				COMBINE_HIDPI_IMAGES = YES;
				COPY_PHASE_STRIP = NO;
				DSTROOT = /tmp/JUMPNetwork.dst;
				FRAMEWORK_SEARCH_PATHS = (
					"$(inherited)",
					"\"$(SRCROOT)/../Chameleon\"",
				);
				GCC_DYNAMIC_NO_PIC = NO;
				GCC_MODEL_TUNING = G5;
				GCC_OPTIMIZATION_LEVEL = 0;
				GCC_PRECOMPILE_PREFIX_HEADER = YES;
				GCC_PREFIX_HEADER = JUMPNetwork_Prefix.pch;
				HEADER_SEARCH_PATHS = ../Headers;
				INSTALL_PATH = /usr/local/lib;
				OTHER_LDFLAGS = (
					"-all_load",
					"-ObjC",
				);
				PRODUCT_NAME = JUMPNetwork;
				SDKROOT = macosx;
			};
			name = Debug;
		};
		187E209F140FCAE9003D1652 /* Release */ = {
			isa = XCBuildConfiguration;
			buildSettings = {
				ALWAYS_SEARCH_USER_PATHS = NO;
				ARCHS = "$(ARCHS_STANDARD_32_BIT)";
				COMBINE_HIDPI_IMAGES = YES;
				DSTROOT = /tmp/JUMPNetwork.dst;
				FRAMEWORK_SEARCH_PATHS = (
					"$(inherited)",
					"\"$(SRCROOT)/../Chameleon\"",
				);
				GCC_MODEL_TUNING = G5;
				GCC_PRECOMPILE_PREFIX_HEADER = YES;
				GCC_PREFIX_HEADER = JUMPNetwork_Prefix.pch;
				HEADER_SEARCH_PATHS = ../Headers;
				INSTALL_PATH = /usr/local/lib;
				OTHER_LDFLAGS = (
					"-all_load",
					"-ObjC",
				);
				PRODUCT_NAME = JUMPNetwork;
				SDKROOT = iphoneos;
			};
			name = Release;
		};
		1DEB921F08733DC00010E9CD /* Debug */ = {
			isa = XCBuildConfiguration;
			baseConfigurationReference = DA727E21BE06413B984CBD82 /* Pods.xcconfig */;
			buildSettings = {
				ALWAYS_SEARCH_USER_PATHS = NO;
				ARCHS = "$(ARCHS_STANDARD_32_BIT)";
				CLANG_ENABLE_OBJC_ARC = YES;
				COPY_PHASE_STRIP = NO;
				DSTROOT = /tmp/JUMPNetwork.dst;
				GCC_DYNAMIC_NO_PIC = NO;
				GCC_MODEL_TUNING = G5;
				GCC_OPTIMIZATION_LEVEL = 0;
				GCC_PRECOMPILE_PREFIX_HEADER = YES;
				GCC_PREFIX_HEADER = JUMPNetwork_Prefix.pch;
				HEADER_SEARCH_PATHS = ../Headers;
				INSTALL_PATH = /usr/local/lib;
				IPHONEOS_DEPLOYMENT_TARGET = 6.0;
				OTHER_LDFLAGS = (
					"-all_load",
					"-ObjC",
				);
				PRODUCT_NAME = JUMPNetwork;
				SDKROOT = iphoneos;
				SKIP_INSTALL = YES;
			};
			name = Debug;
		};
		1DEB922008733DC00010E9CD /* Release */ = {
			isa = XCBuildConfiguration;
			baseConfigurationReference = DA727E21BE06413B984CBD82 /* Pods.xcconfig */;
			buildSettings = {
				ALWAYS_SEARCH_USER_PATHS = NO;
				ARCHS = "$(ARCHS_STANDARD_32_BIT)";
				CLANG_ENABLE_OBJC_ARC = YES;
				DSTROOT = /tmp/JUMPNetwork.dst;
				GCC_MODEL_TUNING = G5;
				GCC_PRECOMPILE_PREFIX_HEADER = YES;
				GCC_PREFIX_HEADER = JUMPNetwork_Prefix.pch;
				HEADER_SEARCH_PATHS = ../Headers;
				INSTALL_PATH = /usr/local/lib;
				IPHONEOS_DEPLOYMENT_TARGET = 6.0;
				OTHER_LDFLAGS = (
					"-all_load",
					"-ObjC",
				);
				PRODUCT_NAME = JUMPNetwork;
				SDKROOT = iphoneos;
				SKIP_INSTALL = YES;
			};
			name = Release;
		};
		1DEB922308733DC00010E9CD /* Debug */ = {
			isa = XCBuildConfiguration;
			buildSettings = {
				ARCHS = "$(ARCHS_STANDARD_32_BIT)";
				GCC_C_LANGUAGE_STANDARD = c99;
				GCC_OPTIMIZATION_LEVEL = 0;
				GCC_WARN_ABOUT_RETURN_TYPE = YES;
				GCC_WARN_UNUSED_VARIABLE = YES;
				IPHONEOS_DEPLOYMENT_TARGET = 5.1;
				OTHER_LDFLAGS = "-ObjC";
				SDKROOT = iphoneos;
				SKIP_INSTALL = YES;
			};
			name = Debug;
		};
		1DEB922408733DC00010E9CD /* Release */ = {
			isa = XCBuildConfiguration;
			buildSettings = {
				ARCHS = "$(ARCHS_STANDARD_32_BIT)";
				GCC_C_LANGUAGE_STANDARD = c99;
				GCC_WARN_ABOUT_RETURN_TYPE = YES;
				GCC_WARN_UNUSED_VARIABLE = YES;
				IPHONEOS_DEPLOYMENT_TARGET = 5.1;
				OTHER_LDFLAGS = "-ObjC";
				SDKROOT = iphoneos;
				SKIP_INSTALL = YES;
			};
			name = Release;
		};
/* End XCBuildConfiguration section */

/* Begin XCConfigurationList section */
		187E209D140FCAE9003D1652 /* Build configuration list for PBXNativeTarget "JUMPNetworkMacOS" */ = {
			isa = XCConfigurationList;
			buildConfigurations = (
				187E209E140FCAE9003D1652 /* Debug */,
				187E209F140FCAE9003D1652 /* Release */,
			);
			defaultConfigurationIsVisible = 0;
			defaultConfigurationName = Release;
		};
		1DEB921E08733DC00010E9CD /* Build configuration list for PBXNativeTarget "JUMPNetwork" */ = {
			isa = XCConfigurationList;
			buildConfigurations = (
				1DEB921F08733DC00010E9CD /* Debug */,
				1DEB922008733DC00010E9CD /* Release */,
			);
			defaultConfigurationIsVisible = 0;
			defaultConfigurationName = Release;
		};
		1DEB922208733DC00010E9CD /* Build configuration list for PBXProject "JUMPNetwork" */ = {
			isa = XCConfigurationList;
			buildConfigurations = (
				1DEB922308733DC00010E9CD /* Debug */,
				1DEB922408733DC00010E9CD /* Release */,
			);
			defaultConfigurationIsVisible = 0;
			defaultConfigurationName = Release;
		};
/* End XCConfigurationList section */
	};
	rootObject = 0867D690FE84028FC02AAC07 /* Project object */;
}
